// !$*UTF8*$!
{
	archiveVersion = 1;
	classes = {
	};
	objectVersion = 51;
	objects = {

/* Begin PBXBuildFile section */
		099F7AD92410A79C0091D4DD /* R.generated.swift in Sources */ = {isa = PBXBuildFile; fileRef = 099F7AD82410A79C0091D4DD /* R.generated.swift */; };
		09A529242450050E00D34620 /* SearchViewControlller.swift in Sources */ = {isa = PBXBuildFile; fileRef = 09A529232450050E00D34620 /* SearchViewControlller.swift */; };
		09A52926245005EC00D34620 /* Search.storyboard in Resources */ = {isa = PBXBuildFile; fileRef = 09A52925245005EC00D34620 /* Search.storyboard */; };
		09A5292824502AD400D34620 /* SplashAction.swift in Sources */ = {isa = PBXBuildFile; fileRef = 09A5292724502AD400D34620 /* SplashAction.swift */; };
		09A5292A24502B2700D34620 /* SplashState.swift in Sources */ = {isa = PBXBuildFile; fileRef = 09A5292924502B2700D34620 /* SplashState.swift */; };
		09A5292C24502B5700D34620 /* SplashReducer.swift in Sources */ = {isa = PBXBuildFile; fileRef = 09A5292B24502B5700D34620 /* SplashReducer.swift */; };
		09DB071C248DEE5D00FF6D5D /* CounterAction.swift in Sources */ = {isa = PBXBuildFile; fileRef = 09DB071B248DEE5D00FF6D5D /* CounterAction.swift */; };
		09DB071E248DF0CB00FF6D5D /* CounterState.swift in Sources */ = {isa = PBXBuildFile; fileRef = 09DB071D248DF0CB00FF6D5D /* CounterState.swift */; };
		09DB0720248F3E8800FF6D5D /* ViewState.swift in Sources */ = {isa = PBXBuildFile; fileRef = 09DB071F248F3E8800FF6D5D /* ViewState.swift */; };
		09DB0724248F435C00FF6D5D /* ViewReducer.swift in Sources */ = {isa = PBXBuildFile; fileRef = 09DB0723248F435C00FF6D5D /* ViewReducer.swift */; };
		09DB0728248F43CE00FF6D5D /* ViewAction.swift in Sources */ = {isa = PBXBuildFile; fileRef = 09DB0727248F43CE00FF6D5D /* ViewAction.swift */; };
		09DB072B24907CC300FF6D5D /* SplashViewMiddleware.swift in Sources */ = {isa = PBXBuildFile; fileRef = 09DB072A24907CC300FF6D5D /* SplashViewMiddleware.swift */; };
		09DB072D24907FDE00FF6D5D /* BookSearchProvider.swift in Sources */ = {isa = PBXBuildFile; fileRef = 09DB072C24907FDE00FF6D5D /* BookSearchProvider.swift */; };
		3A0C69A421BA38440077CE64 /* Splash.storyboard in Resources */ = {isa = PBXBuildFile; fileRef = 3A0C69A321BA38440077CE64 /* Splash.storyboard */; };
		3A0C69B421BE6AC00077CE64 /* AuthState.swift in Sources */ = {isa = PBXBuildFile; fileRef = 3A0C69B321BE6AC00077CE64 /* AuthState.swift */; };
		3A0C69B621BF7B2D0077CE64 /* Redux.swift in Sources */ = {isa = PBXBuildFile; fileRef = 3A0C69B521BF7B2D0077CE64 /* Redux.swift */; };
		3A0C69B821BF7B650077CE64 /* AppReducer.swift in Sources */ = {isa = PBXBuildFile; fileRef = 3A0C69B721BF7B650077CE64 /* AppReducer.swift */; };
		3A0C69BA21BF7B850077CE64 /* AuthReducer.swift in Sources */ = {isa = PBXBuildFile; fileRef = 3A0C69B921BF7B850077CE64 /* AuthReducer.swift */; };
		3A0C69BC21BF7B9C0077CE64 /* SearchReducer.swift in Sources */ = {isa = PBXBuildFile; fileRef = 3A0C69BB21BF7B9C0077CE64 /* SearchReducer.swift */; };
		3A0C69BE21BF7BB50077CE64 /* TweetDetailReducer.swift in Sources */ = {isa = PBXBuildFile; fileRef = 3A0C69BD21BF7BB50077CE64 /* TweetDetailReducer.swift */; };
		3A0C69C021BF861C0077CE64 /* SearchState.swift in Sources */ = {isa = PBXBuildFile; fileRef = 3A0C69BF21BF861C0077CE64 /* SearchState.swift */; };
		3A0C69C221BF864D0077CE64 /* TweetDetailState.swift in Sources */ = {isa = PBXBuildFile; fileRef = 3A0C69C121BF864D0077CE64 /* TweetDetailState.swift */; };
		3A0C69C421BF86770077CE64 /* SearchAction.swift in Sources */ = {isa = PBXBuildFile; fileRef = 3A0C69C321BF86770077CE64 /* SearchAction.swift */; };
		3A0C69C621BF869F0077CE64 /* TweetDetailAction.swift in Sources */ = {isa = PBXBuildFile; fileRef = 3A0C69C521BF869F0077CE64 /* TweetDetailAction.swift */; };
		3A0C69C821BF86BA0077CE64 /* AuthAction.swift in Sources */ = {isa = PBXBuildFile; fileRef = 3A0C69C721BF86BA0077CE64 /* AuthAction.swift */; };
		3A63AD6621C8D81800B191FE /* TweetDetail.storyboard in Resources */ = {isa = PBXBuildFile; fileRef = 3A63AD6421C8D81800B191FE /* TweetDetail.storyboard */; };
		3A63AD6721C8D81800B191FE /* TweetDetailViewController.swift in Sources */ = {isa = PBXBuildFile; fileRef = 3A63AD6521C8D81800B191FE /* TweetDetailViewController.swift */; };
		3A74294421C8B48F0029C3C0 /* LoginProvider.swift in Sources */ = {isa = PBXBuildFile; fileRef = 3A74294321C8B48F0029C3C0 /* LoginProvider.swift */; };
		3A74294621C8B49E0029C3C0 /* SearchProvider.swift in Sources */ = {isa = PBXBuildFile; fileRef = 3A74294521C8B49E0029C3C0 /* SearchProvider.swift */; };
		3A74294821C8B4B10029C3C0 /* OAuthTwitterHeader.swift in Sources */ = {isa = PBXBuildFile; fileRef = 3A74294721C8B4B10029C3C0 /* OAuthTwitterHeader.swift */; };
		3A74294B21C8BF5E0029C3C0 /* TwitterCredentials.swift in Sources */ = {isa = PBXBuildFile; fileRef = 3A74294A21C8BF5E0029C3C0 /* TwitterCredentials.swift */; };
		3A74294E21C8BFC20029C3C0 /* String+PercentEncoding.swift in Sources */ = {isa = PBXBuildFile; fileRef = 3A74294D21C8BFC20029C3C0 /* String+PercentEncoding.swift */; };
		3A74295021C8BFD20029C3C0 /* String+Random.swift in Sources */ = {isa = PBXBuildFile; fileRef = 3A74294F21C8BFD20029C3C0 /* String+Random.swift */; };
		3A74295221C8BFF20029C3C0 /* UIView+CornerRadius.swift in Sources */ = {isa = PBXBuildFile; fileRef = 3A74295121C8BFF20029C3C0 /* UIView+CornerRadius.swift */; };
		3A74295421C8C0290029C3C0 /* Errors.swift in Sources */ = {isa = PBXBuildFile; fileRef = 3A74295321C8C0290029C3C0 /* Errors.swift */; };
		3A74295621C8C0420029C3C0 /* Config.swift in Sources */ = {isa = PBXBuildFile; fileRef = 3A74295521C8C0420029C3C0 /* Config.swift */; };
		3A74295921C8C0780029C3C0 /* Sizes.swift in Sources */ = {isa = PBXBuildFile; fileRef = 3A74295821C8C0780029C3C0 /* Sizes.swift */; };
		3A74295B21C8C51C0029C3C0 /* SearchViewRoutable.swift in Sources */ = {isa = PBXBuildFile; fileRef = 3A74295A21C8C51C0029C3C0 /* SearchViewRoutable.swift */; };
		3A74295D21C8C5470029C3C0 /* TweetDetailViewRoutable.swift in Sources */ = {isa = PBXBuildFile; fileRef = 3A74295C21C8C5470029C3C0 /* TweetDetailViewRoutable.swift */; };
		3A9FFCD921896A63007E2B8C /* AppDelegate.swift in Sources */ = {isa = PBXBuildFile; fileRef = 3A9FFCD821896A63007E2B8C /* AppDelegate.swift */; };
		3A9FFCDB21896A63007E2B8C /* ViewController.swift in Sources */ = {isa = PBXBuildFile; fileRef = 3A9FFCDA21896A63007E2B8C /* ViewController.swift */; };
		3A9FFCDE21896A63007E2B8C /* Main.storyboard in Resources */ = {isa = PBXBuildFile; fileRef = 3A9FFCDC21896A63007E2B8C /* Main.storyboard */; };
		3A9FFCE021896A65007E2B8C /* Assets.xcassets in Resources */ = {isa = PBXBuildFile; fileRef = 3A9FFCDF21896A65007E2B8C /* Assets.xcassets */; };
		3A9FFCEE21896A66007E2B8C /* sparkleTests.swift in Sources */ = {isa = PBXBuildFile; fileRef = 3A9FFCED21896A66007E2B8C /* sparkleTests.swift */; };
		3A9FFCF921896A66007E2B8C /* sparkleUITests.swift in Sources */ = {isa = PBXBuildFile; fileRef = 3A9FFCF821896A66007E2B8C /* sparkleUITests.swift */; };
		3A9FFD1821896F10007E2B8C /* Infra.framework in Frameworks */ = {isa = PBXBuildFile; fileRef = 3A9FFD0F21896F0F007E2B8C /* Infra.framework */; };
		3A9FFD1F21896F10007E2B8C /* InfraTests.swift in Sources */ = {isa = PBXBuildFile; fileRef = 3A9FFD1E21896F10007E2B8C /* InfraTests.swift */; };
		3A9FFD2121896F10007E2B8C /* Infra.h in Headers */ = {isa = PBXBuildFile; fileRef = 3A9FFD1121896F10007E2B8C /* Infra.h */; settings = {ATTRIBUTES = (Public, ); }; };
		3A9FFD2521896F10007E2B8C /* Infra.framework in Embed Frameworks */ = {isa = PBXBuildFile; fileRef = 3A9FFD0F21896F0F007E2B8C /* Infra.framework */; settings = {ATTRIBUTES = (CodeSignOnCopy, RemoveHeadersOnCopy, ); }; };
		3AB5B632225DC32100894CCB /* _SearchViewController.swift in Sources */ = {isa = PBXBuildFile; fileRef = 3AB5B62C225DC32100894CCB /* _SearchViewController.swift */; };
		3AB5B633225DC32100894CCB /* _Search.storyboard in Resources */ = {isa = PBXBuildFile; fileRef = 3AB5B62D225DC32100894CCB /* _Search.storyboard */; };
		3AB5B634225DC32100894CCB /* TweetCell.xib in Resources */ = {isa = PBXBuildFile; fileRef = 3AB5B630225DC32100894CCB /* TweetCell.xib */; };
		3AB5B635225DC32100894CCB /* TweetCell.swift in Sources */ = {isa = PBXBuildFile; fileRef = 3AB5B631225DC32100894CCB /* TweetCell.swift */; };
		3AB8B724218AF40900C512C4 /* GoogleService-Info.plist in Resources */ = {isa = PBXBuildFile; fileRef = 3AB8B723218AF40900C512C4 /* GoogleService-Info.plist */; };
		3AB8B725218AF40900C512C4 /* GoogleService-Info.plist in Resources */ = {isa = PBXBuildFile; fileRef = 3AB8B723218AF40900C512C4 /* GoogleService-Info.plist */; };
		3AB8B728218AF41400C512C4 /* GoogleService-Info-development.plist in Resources */ = {isa = PBXBuildFile; fileRef = 3AB8B726218AF41300C512C4 /* GoogleService-Info-development.plist */; };
		3AB8B729218AF41400C512C4 /* GoogleService-Info-development.plist in Resources */ = {isa = PBXBuildFile; fileRef = 3AB8B726218AF41300C512C4 /* GoogleService-Info-development.plist */; };
		3AB8B72A218AF41400C512C4 /* GoogleService-Info-staging.plist in Resources */ = {isa = PBXBuildFile; fileRef = 3AB8B727218AF41300C512C4 /* GoogleService-Info-staging.plist */; };
		3AB8B72B218AF41400C512C4 /* GoogleService-Info-staging.plist in Resources */ = {isa = PBXBuildFile; fileRef = 3AB8B727218AF41300C512C4 /* GoogleService-Info-staging.plist */; };
		3AC7E4E921C8AA6200EA1AB8 /* Tweet.swift in Sources */ = {isa = PBXBuildFile; fileRef = 3AC7E4E821C8AA6200EA1AB8 /* Tweet.swift */; };
		3AE8395E218AC1BA00391531 /* AppState.swift in Sources */ = {isa = PBXBuildFile; fileRef = 3AE8395D218AC1BA00391531 /* AppState.swift */; };
		3AE83961218AC24000391531 /* CounterReducer.swift in Sources */ = {isa = PBXBuildFile; fileRef = 3AE83960218AC24000391531 /* CounterReducer.swift */; };
		3AE8EF4B21B4ED9C0098FE23 /* Router.swift in Sources */ = {isa = PBXBuildFile; fileRef = 3AE8EF4A21B4ED9C0098FE23 /* Router.swift */; };
		3AE8EF4D21B4EDEF0098FE23 /* SplashViewRoutable.swift in Sources */ = {isa = PBXBuildFile; fileRef = 3AE8EF4C21B4EDEF0098FE23 /* SplashViewRoutable.swift */; };
		3AE8EF4F21B4EE2A0098FE23 /* RootRoutable.swift in Sources */ = {isa = PBXBuildFile; fileRef = 3AE8EF4E21B4EE2A0098FE23 /* RootRoutable.swift */; };
		3AE8EF5321B4F2920098FE23 /* SplashViewController.swift in Sources */ = {isa = PBXBuildFile; fileRef = 3AE8EF5221B4F2920098FE23 /* SplashViewController.swift */; };
		43E7AB3C3134507E022F40C6 /* Pods_Infra_sparkle.framework in Frameworks */ = {isa = PBXBuildFile; fileRef = A2C972DC47EBC102A7F316B2 /* Pods_Infra_sparkle.framework */; };
		5EA398CFC191322CE1BA26D0 /* Pods_sparkleUITests.framework in Frameworks */ = {isa = PBXBuildFile; fileRef = C395BE0544AD20D80E4989EA /* Pods_sparkleUITests.framework */; };
		7584F23E0BC893193222FF42 /* Pods_Infra.framework in Frameworks */ = {isa = PBXBuildFile; fileRef = 67939BB680227091415441A0 /* Pods_Infra.framework */; };
		E275B072C365303DB8BFF80E /* Pods_sparkleTests.framework in Frameworks */ = {isa = PBXBuildFile; fileRef = E10EEEDDE03C4C9ABA704CC9 /* Pods_sparkleTests.framework */; };
/* End PBXBuildFile section */

/* Begin PBXContainerItemProxy section */
		3A9FFCEA21896A66007E2B8C /* PBXContainerItemProxy */ = {
			isa = PBXContainerItemProxy;
			containerPortal = 3A9FFCCD21896A63007E2B8C /* Project object */;
			proxyType = 1;
			remoteGlobalIDString = 3A9FFCD421896A63007E2B8C;
			remoteInfo = sparkle;
		};
		3A9FFCF521896A66007E2B8C /* PBXContainerItemProxy */ = {
			isa = PBXContainerItemProxy;
			containerPortal = 3A9FFCCD21896A63007E2B8C /* Project object */;
			proxyType = 1;
			remoteGlobalIDString = 3A9FFCD421896A63007E2B8C;
			remoteInfo = sparkle;
		};
		3A9FFD1921896F10007E2B8C /* PBXContainerItemProxy */ = {
			isa = PBXContainerItemProxy;
			containerPortal = 3A9FFCCD21896A63007E2B8C /* Project object */;
			proxyType = 1;
			remoteGlobalIDString = 3A9FFD0E21896F0F007E2B8C;
			remoteInfo = Infra;
		};
		3A9FFD1B21896F10007E2B8C /* PBXContainerItemProxy */ = {
			isa = PBXContainerItemProxy;
			containerPortal = 3A9FFCCD21896A63007E2B8C /* Project object */;
			proxyType = 1;
			remoteGlobalIDString = 3A9FFCD421896A63007E2B8C;
			remoteInfo = sparkle;
		};
		3A9FFD2221896F10007E2B8C /* PBXContainerItemProxy */ = {
			isa = PBXContainerItemProxy;
			containerPortal = 3A9FFCCD21896A63007E2B8C /* Project object */;
			proxyType = 1;
			remoteGlobalIDString = 3A9FFD0E21896F0F007E2B8C;
			remoteInfo = Infra;
		};
/* End PBXContainerItemProxy section */

/* Begin PBXCopyFilesBuildPhase section */
		3A9FFD2921896F10007E2B8C /* Embed Frameworks */ = {
			isa = PBXCopyFilesBuildPhase;
			buildActionMask = 2147483647;
			dstPath = "";
			dstSubfolderSpec = 10;
			files = (
				3A9FFD2521896F10007E2B8C /* Infra.framework in Embed Frameworks */,
			);
			name = "Embed Frameworks";
			runOnlyForDeploymentPostprocessing = 0;
		};
/* End PBXCopyFilesBuildPhase section */

/* Begin PBXFileReference section */
		099F7AD82410A79C0091D4DD /* R.generated.swift */ = {isa = PBXFileReference; fileEncoding = 4; lastKnownFileType = sourcecode.swift; path = R.generated.swift; sourceTree = SOURCE_ROOT; };
		09A529232450050E00D34620 /* SearchViewControlller.swift */ = {isa = PBXFileReference; lastKnownFileType = sourcecode.swift; path = SearchViewControlller.swift; sourceTree = "<group>"; };
		09A52925245005EC00D34620 /* Search.storyboard */ = {isa = PBXFileReference; lastKnownFileType = file.storyboard; path = Search.storyboard; sourceTree = "<group>"; };
		09A5292724502AD400D34620 /* SplashAction.swift */ = {isa = PBXFileReference; lastKnownFileType = sourcecode.swift; path = SplashAction.swift; sourceTree = "<group>"; };
		09A5292924502B2700D34620 /* SplashState.swift */ = {isa = PBXFileReference; lastKnownFileType = sourcecode.swift; path = SplashState.swift; sourceTree = "<group>"; };
		09A5292B24502B5700D34620 /* SplashReducer.swift */ = {isa = PBXFileReference; lastKnownFileType = sourcecode.swift; path = SplashReducer.swift; sourceTree = "<group>"; };
		09DB071B248DEE5D00FF6D5D /* CounterAction.swift */ = {isa = PBXFileReference; lastKnownFileType = sourcecode.swift; path = CounterAction.swift; sourceTree = "<group>"; };
		09DB071D248DF0CB00FF6D5D /* CounterState.swift */ = {isa = PBXFileReference; lastKnownFileType = sourcecode.swift; path = CounterState.swift; sourceTree = "<group>"; };
		09DB071F248F3E8800FF6D5D /* ViewState.swift */ = {isa = PBXFileReference; lastKnownFileType = sourcecode.swift; path = ViewState.swift; sourceTree = "<group>"; };
		09DB0723248F435C00FF6D5D /* ViewReducer.swift */ = {isa = PBXFileReference; lastKnownFileType = sourcecode.swift; path = ViewReducer.swift; sourceTree = "<group>"; };
		09DB0727248F43CE00FF6D5D /* ViewAction.swift */ = {isa = PBXFileReference; lastKnownFileType = sourcecode.swift; path = ViewAction.swift; sourceTree = "<group>"; };
		09DB072A24907CC300FF6D5D /* SplashViewMiddleware.swift */ = {isa = PBXFileReference; lastKnownFileType = sourcecode.swift; path = SplashViewMiddleware.swift; sourceTree = "<group>"; };
		09DB072C24907FDE00FF6D5D /* BookSearchProvider.swift */ = {isa = PBXFileReference; lastKnownFileType = sourcecode.swift; path = BookSearchProvider.swift; sourceTree = "<group>"; };
		0C2C49CBD0EFE81BE05498F1 /* Pods-sparkleUITests.release.xcconfig */ = {isa = PBXFileReference; includeInIndex = 1; lastKnownFileType = text.xcconfig; name = "Pods-sparkleUITests.release.xcconfig"; path = "Target Support Files/Pods-sparkleUITests/Pods-sparkleUITests.release.xcconfig"; sourceTree = "<group>"; };
		1A0502ADD776A7B8EE95044A /* Pods-sparkleTests.development.xcconfig */ = {isa = PBXFileReference; includeInIndex = 1; lastKnownFileType = text.xcconfig; name = "Pods-sparkleTests.development.xcconfig"; path = "Target Support Files/Pods-sparkleTests/Pods-sparkleTests.development.xcconfig"; sourceTree = "<group>"; };
		26C6469418167D47338DF56A /* Pods-sparkleTests.release.xcconfig */ = {isa = PBXFileReference; includeInIndex = 1; lastKnownFileType = text.xcconfig; name = "Pods-sparkleTests.release.xcconfig"; path = "Target Support Files/Pods-sparkleTests/Pods-sparkleTests.release.xcconfig"; sourceTree = "<group>"; };
		2753711983FCEB434CE1A838 /* Pods-Infra.debug.xcconfig */ = {isa = PBXFileReference; includeInIndex = 1; lastKnownFileType = text.xcconfig; name = "Pods-Infra.debug.xcconfig"; path = "Target Support Files/Pods-Infra/Pods-Infra.debug.xcconfig"; sourceTree = "<group>"; };
		2C8870CCC847455AECCF24C7 /* Pods-sparkleTests.staging.xcconfig */ = {isa = PBXFileReference; includeInIndex = 1; lastKnownFileType = text.xcconfig; name = "Pods-sparkleTests.staging.xcconfig"; path = "Target Support Files/Pods-sparkleTests/Pods-sparkleTests.staging.xcconfig"; sourceTree = "<group>"; };
		3874CB43D240DA0ECE1C5EB6 /* Pods-sparkle.debug.xcconfig */ = {isa = PBXFileReference; includeInIndex = 1; lastKnownFileType = text.xcconfig; name = "Pods-sparkle.debug.xcconfig"; path = "Target Support Files/Pods-sparkle/Pods-sparkle.debug.xcconfig"; sourceTree = "<group>"; };
		3A0C69A321BA38440077CE64 /* Splash.storyboard */ = {isa = PBXFileReference; fileEncoding = 4; lastKnownFileType = file.storyboard; path = Splash.storyboard; sourceTree = "<group>"; };
		3A0C69B321BE6AC00077CE64 /* AuthState.swift */ = {isa = PBXFileReference; lastKnownFileType = sourcecode.swift; path = AuthState.swift; sourceTree = "<group>"; };
		3A0C69B521BF7B2D0077CE64 /* Redux.swift */ = {isa = PBXFileReference; lastKnownFileType = sourcecode.swift; path = Redux.swift; sourceTree = "<group>"; };
		3A0C69B721BF7B650077CE64 /* AppReducer.swift */ = {isa = PBXFileReference; lastKnownFileType = sourcecode.swift; path = AppReducer.swift; sourceTree = "<group>"; };
		3A0C69B921BF7B850077CE64 /* AuthReducer.swift */ = {isa = PBXFileReference; lastKnownFileType = sourcecode.swift; path = AuthReducer.swift; sourceTree = "<group>"; };
		3A0C69BB21BF7B9C0077CE64 /* SearchReducer.swift */ = {isa = PBXFileReference; lastKnownFileType = sourcecode.swift; path = SearchReducer.swift; sourceTree = "<group>"; };
		3A0C69BD21BF7BB50077CE64 /* TweetDetailReducer.swift */ = {isa = PBXFileReference; lastKnownFileType = sourcecode.swift; path = TweetDetailReducer.swift; sourceTree = "<group>"; };
		3A0C69BF21BF861C0077CE64 /* SearchState.swift */ = {isa = PBXFileReference; lastKnownFileType = sourcecode.swift; path = SearchState.swift; sourceTree = "<group>"; };
		3A0C69C121BF864D0077CE64 /* TweetDetailState.swift */ = {isa = PBXFileReference; lastKnownFileType = sourcecode.swift; path = TweetDetailState.swift; sourceTree = "<group>"; };
		3A0C69C321BF86770077CE64 /* SearchAction.swift */ = {isa = PBXFileReference; lastKnownFileType = sourcecode.swift; path = SearchAction.swift; sourceTree = "<group>"; };
		3A0C69C521BF869F0077CE64 /* TweetDetailAction.swift */ = {isa = PBXFileReference; lastKnownFileType = sourcecode.swift; path = TweetDetailAction.swift; sourceTree = "<group>"; };
		3A0C69C721BF86BA0077CE64 /* AuthAction.swift */ = {isa = PBXFileReference; lastKnownFileType = sourcecode.swift; path = AuthAction.swift; sourceTree = "<group>"; };
		3A11A97621898B4C0097EE84 /* FirebaseCore.framework */ = {isa = PBXFileReference; explicitFileType = wrapper.framework; path = FirebaseCore.framework; sourceTree = BUILT_PRODUCTS_DIR; };
		3A11A97821898B4C0097EE84 /* GoogleUtilities.framework */ = {isa = PBXFileReference; explicitFileType = wrapper.framework; path = GoogleUtilities.framework; sourceTree = BUILT_PRODUCTS_DIR; };
		3A11A97A21898B4C0097EE84 /* nanopb.framework */ = {isa = PBXFileReference; explicitFileType = wrapper.framework; path = nanopb.framework; sourceTree = BUILT_PRODUCTS_DIR; };
		3A11A99B21898ECE0097EE84 /* FirebaseCore.framework */ = {isa = PBXFileReference; explicitFileType = wrapper.framework; path = FirebaseCore.framework; sourceTree = BUILT_PRODUCTS_DIR; };
		3A11A99D21898ECE0097EE84 /* GoogleUtilities.framework */ = {isa = PBXFileReference; explicitFileType = wrapper.framework; path = GoogleUtilities.framework; sourceTree = BUILT_PRODUCTS_DIR; };
		3A11A99F21898ECE0097EE84 /* nanopb.framework */ = {isa = PBXFileReference; explicitFileType = wrapper.framework; path = nanopb.framework; sourceTree = BUILT_PRODUCTS_DIR; };
		3A63AD6421C8D81800B191FE /* TweetDetail.storyboard */ = {isa = PBXFileReference; fileEncoding = 4; lastKnownFileType = file.storyboard; path = TweetDetail.storyboard; sourceTree = "<group>"; };
		3A63AD6521C8D81800B191FE /* TweetDetailViewController.swift */ = {isa = PBXFileReference; fileEncoding = 4; lastKnownFileType = sourcecode.swift; path = TweetDetailViewController.swift; sourceTree = "<group>"; };
		3A74294321C8B48F0029C3C0 /* LoginProvider.swift */ = {isa = PBXFileReference; lastKnownFileType = sourcecode.swift; path = LoginProvider.swift; sourceTree = "<group>"; };
		3A74294521C8B49E0029C3C0 /* SearchProvider.swift */ = {isa = PBXFileReference; lastKnownFileType = sourcecode.swift; path = SearchProvider.swift; sourceTree = "<group>"; };
		3A74294721C8B4B10029C3C0 /* OAuthTwitterHeader.swift */ = {isa = PBXFileReference; lastKnownFileType = sourcecode.swift; path = OAuthTwitterHeader.swift; sourceTree = "<group>"; };
		3A74294A21C8BF5E0029C3C0 /* TwitterCredentials.swift */ = {isa = PBXFileReference; lastKnownFileType = sourcecode.swift; path = TwitterCredentials.swift; sourceTree = "<group>"; };
		3A74294D21C8BFC20029C3C0 /* String+PercentEncoding.swift */ = {isa = PBXFileReference; lastKnownFileType = sourcecode.swift; path = "String+PercentEncoding.swift"; sourceTree = "<group>"; };
		3A74294F21C8BFD20029C3C0 /* String+Random.swift */ = {isa = PBXFileReference; lastKnownFileType = sourcecode.swift; path = "String+Random.swift"; sourceTree = "<group>"; };
		3A74295121C8BFF20029C3C0 /* UIView+CornerRadius.swift */ = {isa = PBXFileReference; lastKnownFileType = sourcecode.swift; path = "UIView+CornerRadius.swift"; sourceTree = "<group>"; };
		3A74295321C8C0290029C3C0 /* Errors.swift */ = {isa = PBXFileReference; lastKnownFileType = sourcecode.swift; path = Errors.swift; sourceTree = "<group>"; };
		3A74295521C8C0420029C3C0 /* Config.swift */ = {isa = PBXFileReference; lastKnownFileType = sourcecode.swift; path = Config.swift; sourceTree = "<group>"; };
		3A74295821C8C0780029C3C0 /* Sizes.swift */ = {isa = PBXFileReference; lastKnownFileType = sourcecode.swift; path = Sizes.swift; sourceTree = "<group>"; };
		3A74295A21C8C51C0029C3C0 /* SearchViewRoutable.swift */ = {isa = PBXFileReference; lastKnownFileType = sourcecode.swift; path = SearchViewRoutable.swift; sourceTree = "<group>"; };
		3A74295C21C8C5470029C3C0 /* TweetDetailViewRoutable.swift */ = {isa = PBXFileReference; lastKnownFileType = sourcecode.swift; path = TweetDetailViewRoutable.swift; sourceTree = "<group>"; };
		3A9FFCD521896A63007E2B8C /* sparkle.app */ = {isa = PBXFileReference; explicitFileType = wrapper.application; includeInIndex = 0; path = sparkle.app; sourceTree = BUILT_PRODUCTS_DIR; };
		3A9FFCD821896A63007E2B8C /* AppDelegate.swift */ = {isa = PBXFileReference; lastKnownFileType = sourcecode.swift; path = AppDelegate.swift; sourceTree = "<group>"; };
		3A9FFCDA21896A63007E2B8C /* ViewController.swift */ = {isa = PBXFileReference; lastKnownFileType = sourcecode.swift; path = ViewController.swift; sourceTree = "<group>"; };
		3A9FFCDD21896A63007E2B8C /* Base */ = {isa = PBXFileReference; lastKnownFileType = file.storyboard; name = Base; path = Base.lproj/Main.storyboard; sourceTree = "<group>"; };
		3A9FFCDF21896A65007E2B8C /* Assets.xcassets */ = {isa = PBXFileReference; lastKnownFileType = folder.assetcatalog; path = Assets.xcassets; sourceTree = "<group>"; };
		3A9FFCE221896A65007E2B8C /* Base */ = {isa = PBXFileReference; lastKnownFileType = file.storyboard; name = Base; path = Base.lproj/LaunchScreen.storyboard; sourceTree = "<group>"; };
		3A9FFCE421896A65007E2B8C /* Info.plist */ = {isa = PBXFileReference; lastKnownFileType = text.plist.xml; path = Info.plist; sourceTree = "<group>"; };
		3A9FFCE921896A66007E2B8C /* sparkleTests.xctest */ = {isa = PBXFileReference; explicitFileType = wrapper.cfbundle; includeInIndex = 0; path = sparkleTests.xctest; sourceTree = BUILT_PRODUCTS_DIR; };
		3A9FFCED21896A66007E2B8C /* sparkleTests.swift */ = {isa = PBXFileReference; lastKnownFileType = sourcecode.swift; path = sparkleTests.swift; sourceTree = "<group>"; };
		3A9FFCEF21896A66007E2B8C /* Info.plist */ = {isa = PBXFileReference; lastKnownFileType = text.plist.xml; path = Info.plist; sourceTree = "<group>"; };
		3A9FFCF421896A66007E2B8C /* sparkleUITests.xctest */ = {isa = PBXFileReference; explicitFileType = wrapper.cfbundle; includeInIndex = 0; path = sparkleUITests.xctest; sourceTree = BUILT_PRODUCTS_DIR; };
		3A9FFCF821896A66007E2B8C /* sparkleUITests.swift */ = {isa = PBXFileReference; lastKnownFileType = sourcecode.swift; path = sparkleUITests.swift; sourceTree = "<group>"; };
		3A9FFCFA21896A66007E2B8C /* Info.plist */ = {isa = PBXFileReference; lastKnownFileType = text.plist.xml; path = Info.plist; sourceTree = "<group>"; };
		3A9FFD0F21896F0F007E2B8C /* Infra.framework */ = {isa = PBXFileReference; explicitFileType = wrapper.framework; includeInIndex = 0; path = Infra.framework; sourceTree = BUILT_PRODUCTS_DIR; };
		3A9FFD1121896F10007E2B8C /* Infra.h */ = {isa = PBXFileReference; lastKnownFileType = sourcecode.c.h; path = Infra.h; sourceTree = "<group>"; };
		3A9FFD1221896F10007E2B8C /* Info.plist */ = {isa = PBXFileReference; lastKnownFileType = text.plist.xml; path = Info.plist; sourceTree = "<group>"; };
		3A9FFD1721896F10007E2B8C /* InfraTests.xctest */ = {isa = PBXFileReference; explicitFileType = wrapper.cfbundle; includeInIndex = 0; path = InfraTests.xctest; sourceTree = BUILT_PRODUCTS_DIR; };
		3A9FFD1E21896F10007E2B8C /* InfraTests.swift */ = {isa = PBXFileReference; lastKnownFileType = sourcecode.swift; path = InfraTests.swift; sourceTree = "<group>"; };
		3A9FFD2021896F10007E2B8C /* Info.plist */ = {isa = PBXFileReference; lastKnownFileType = text.plist.xml; path = Info.plist; sourceTree = "<group>"; };
		3AB5B62C225DC32100894CCB /* _SearchViewController.swift */ = {isa = PBXFileReference; fileEncoding = 4; lastKnownFileType = sourcecode.swift; path = _SearchViewController.swift; sourceTree = "<group>"; };
		3AB5B62D225DC32100894CCB /* _Search.storyboard */ = {isa = PBXFileReference; fileEncoding = 4; lastKnownFileType = file.storyboard; path = _Search.storyboard; sourceTree = "<group>"; };
		3AB5B630225DC32100894CCB /* TweetCell.xib */ = {isa = PBXFileReference; fileEncoding = 4; lastKnownFileType = file.xib; path = TweetCell.xib; sourceTree = "<group>"; };
		3AB5B631225DC32100894CCB /* TweetCell.swift */ = {isa = PBXFileReference; fileEncoding = 4; lastKnownFileType = sourcecode.swift; path = TweetCell.swift; sourceTree = "<group>"; };
		3AB8B723218AF40900C512C4 /* GoogleService-Info.plist */ = {isa = PBXFileReference; fileEncoding = 4; lastKnownFileType = text.plist.xml; path = "GoogleService-Info.plist"; sourceTree = "<group>"; };
		3AB8B726218AF41300C512C4 /* GoogleService-Info-development.plist */ = {isa = PBXFileReference; fileEncoding = 4; lastKnownFileType = text.plist.xml; path = "GoogleService-Info-development.plist"; sourceTree = "<group>"; };
		3AB8B727218AF41300C512C4 /* GoogleService-Info-staging.plist */ = {isa = PBXFileReference; fileEncoding = 4; lastKnownFileType = text.plist.xml; path = "GoogleService-Info-staging.plist"; sourceTree = "<group>"; };
		3AC7E4E821C8AA6200EA1AB8 /* Tweet.swift */ = {isa = PBXFileReference; lastKnownFileType = sourcecode.swift; path = Tweet.swift; sourceTree = "<group>"; };
		3AD2059E225DBB6500200A27 /* Base */ = {isa = PBXFileReference; lastKnownFileType = file.storyboard; name = Base; path = Base.lproj/LaunchScreen.storyboard; sourceTree = "<group>"; };
		3AE8395D218AC1BA00391531 /* AppState.swift */ = {isa = PBXFileReference; lastKnownFileType = sourcecode.swift; path = AppState.swift; sourceTree = "<group>"; };
		3AE83960218AC24000391531 /* CounterReducer.swift */ = {isa = PBXFileReference; lastKnownFileType = sourcecode.swift; path = CounterReducer.swift; sourceTree = "<group>"; };
		3AE8EF4A21B4ED9C0098FE23 /* Router.swift */ = {isa = PBXFileReference; lastKnownFileType = sourcecode.swift; path = Router.swift; sourceTree = "<group>"; };
		3AE8EF4C21B4EDEF0098FE23 /* SplashViewRoutable.swift */ = {isa = PBXFileReference; lastKnownFileType = sourcecode.swift; path = SplashViewRoutable.swift; sourceTree = "<group>"; };
		3AE8EF4E21B4EE2A0098FE23 /* RootRoutable.swift */ = {isa = PBXFileReference; lastKnownFileType = sourcecode.swift; path = RootRoutable.swift; sourceTree = "<group>"; };
		3AE8EF5221B4F2920098FE23 /* SplashViewController.swift */ = {isa = PBXFileReference; lastKnownFileType = sourcecode.swift; path = SplashViewController.swift; sourceTree = "<group>"; };
		47851536B2A0A20DEE815DFF /* Pods-Infra-sparkle.development.xcconfig */ = {isa = PBXFileReference; includeInIndex = 1; lastKnownFileType = text.xcconfig; name = "Pods-Infra-sparkle.development.xcconfig"; path = "Target Support Files/Pods-Infra-sparkle/Pods-Infra-sparkle.development.xcconfig"; sourceTree = "<group>"; };
		492ED4020C747B90A7030DCD /* Pods-sparkle.development.xcconfig */ = {isa = PBXFileReference; includeInIndex = 1; lastKnownFileType = text.xcconfig; name = "Pods-sparkle.development.xcconfig"; path = "Target Support Files/Pods-sparkle/Pods-sparkle.development.xcconfig"; sourceTree = "<group>"; };
		4FF2E9DE8195C3CD33FAD025 /* Pods-Infra-sparkle.release.xcconfig */ = {isa = PBXFileReference; includeInIndex = 1; lastKnownFileType = text.xcconfig; name = "Pods-Infra-sparkle.release.xcconfig"; path = "Target Support Files/Pods-Infra-sparkle/Pods-Infra-sparkle.release.xcconfig"; sourceTree = "<group>"; };
		5C9D796A1FD97F7041357146 /* Pods-sparkle.staging.xcconfig */ = {isa = PBXFileReference; includeInIndex = 1; lastKnownFileType = text.xcconfig; name = "Pods-sparkle.staging.xcconfig"; path = "Target Support Files/Pods-sparkle/Pods-sparkle.staging.xcconfig"; sourceTree = "<group>"; };
		67939BB680227091415441A0 /* Pods_Infra.framework */ = {isa = PBXFileReference; explicitFileType = wrapper.framework; includeInIndex = 0; path = Pods_Infra.framework; sourceTree = BUILT_PRODUCTS_DIR; };
		67A5B6DC24195EDEEBA78B51 /* Pods-sparkleUITests.staging.xcconfig */ = {isa = PBXFileReference; includeInIndex = 1; lastKnownFileType = text.xcconfig; name = "Pods-sparkleUITests.staging.xcconfig"; path = "Target Support Files/Pods-sparkleUITests/Pods-sparkleUITests.staging.xcconfig"; sourceTree = "<group>"; };
		6E82507E519C4364CB30E533 /* Pods-Infra.release.xcconfig */ = {isa = PBXFileReference; includeInIndex = 1; lastKnownFileType = text.xcconfig; name = "Pods-Infra.release.xcconfig"; path = "Target Support Files/Pods-Infra/Pods-Infra.release.xcconfig"; sourceTree = "<group>"; };
		7DB2457AA13176415BE706C4 /* Pods-Infra.development.xcconfig */ = {isa = PBXFileReference; includeInIndex = 1; lastKnownFileType = text.xcconfig; name = "Pods-Infra.development.xcconfig"; path = "Target Support Files/Pods-Infra/Pods-Infra.development.xcconfig"; sourceTree = "<group>"; };
		A2C972DC47EBC102A7F316B2 /* Pods_Infra_sparkle.framework */ = {isa = PBXFileReference; explicitFileType = wrapper.framework; includeInIndex = 0; path = Pods_Infra_sparkle.framework; sourceTree = BUILT_PRODUCTS_DIR; };
		C395BE0544AD20D80E4989EA /* Pods_sparkleUITests.framework */ = {isa = PBXFileReference; explicitFileType = wrapper.framework; includeInIndex = 0; path = Pods_sparkleUITests.framework; sourceTree = BUILT_PRODUCTS_DIR; };
		D072F9D57B83B588644D4C13 /* Pods-sparkleTests.debug.xcconfig */ = {isa = PBXFileReference; includeInIndex = 1; lastKnownFileType = text.xcconfig; name = "Pods-sparkleTests.debug.xcconfig"; path = "Target Support Files/Pods-sparkleTests/Pods-sparkleTests.debug.xcconfig"; sourceTree = "<group>"; };
		D269B65EAE3E1B2A25B87864 /* Pods-Infra-sparkle.staging.xcconfig */ = {isa = PBXFileReference; includeInIndex = 1; lastKnownFileType = text.xcconfig; name = "Pods-Infra-sparkle.staging.xcconfig"; path = "Target Support Files/Pods-Infra-sparkle/Pods-Infra-sparkle.staging.xcconfig"; sourceTree = "<group>"; };
		D2BCAA08732DA05F1760201B /* Pods-sparkleUITests.development.xcconfig */ = {isa = PBXFileReference; includeInIndex = 1; lastKnownFileType = text.xcconfig; name = "Pods-sparkleUITests.development.xcconfig"; path = "Target Support Files/Pods-sparkleUITests/Pods-sparkleUITests.development.xcconfig"; sourceTree = "<group>"; };
		DB257FD8029DA0C9252FD50A /* Pods-sparkle.release.xcconfig */ = {isa = PBXFileReference; includeInIndex = 1; lastKnownFileType = text.xcconfig; name = "Pods-sparkle.release.xcconfig"; path = "Target Support Files/Pods-sparkle/Pods-sparkle.release.xcconfig"; sourceTree = "<group>"; };
		E10EEEDDE03C4C9ABA704CC9 /* Pods_sparkleTests.framework */ = {isa = PBXFileReference; explicitFileType = wrapper.framework; includeInIndex = 0; path = Pods_sparkleTests.framework; sourceTree = BUILT_PRODUCTS_DIR; };
		E60AED799C470B4AA20D12B0 /* Pods-sparkleUITests.debug.xcconfig */ = {isa = PBXFileReference; includeInIndex = 1; lastKnownFileType = text.xcconfig; name = "Pods-sparkleUITests.debug.xcconfig"; path = "Target Support Files/Pods-sparkleUITests/Pods-sparkleUITests.debug.xcconfig"; sourceTree = "<group>"; };
		EDC0DB88FE643E661298ECED /* Pods-Infra-sparkle.debug.xcconfig */ = {isa = PBXFileReference; includeInIndex = 1; lastKnownFileType = text.xcconfig; name = "Pods-Infra-sparkle.debug.xcconfig"; path = "Target Support Files/Pods-Infra-sparkle/Pods-Infra-sparkle.debug.xcconfig"; sourceTree = "<group>"; };
		FC61C1C6527A40B8DA231D31 /* Pods-Infra.staging.xcconfig */ = {isa = PBXFileReference; includeInIndex = 1; lastKnownFileType = text.xcconfig; name = "Pods-Infra.staging.xcconfig"; path = "Target Support Files/Pods-Infra/Pods-Infra.staging.xcconfig"; sourceTree = "<group>"; };
/* End PBXFileReference section */

/* Begin PBXFrameworksBuildPhase section */
		3A9FFCD221896A63007E2B8C /* Frameworks */ = {
			isa = PBXFrameworksBuildPhase;
			buildActionMask = 2147483647;
			files = (
				43E7AB3C3134507E022F40C6 /* Pods_Infra_sparkle.framework in Frameworks */,
			);
			runOnlyForDeploymentPostprocessing = 0;
		};
		3A9FFCE621896A66007E2B8C /* Frameworks */ = {
			isa = PBXFrameworksBuildPhase;
			buildActionMask = 2147483647;
			files = (
				E275B072C365303DB8BFF80E /* Pods_sparkleTests.framework in Frameworks */,
			);
			runOnlyForDeploymentPostprocessing = 0;
		};
		3A9FFCF121896A66007E2B8C /* Frameworks */ = {
			isa = PBXFrameworksBuildPhase;
			buildActionMask = 2147483647;
			files = (
				5EA398CFC191322CE1BA26D0 /* Pods_sparkleUITests.framework in Frameworks */,
			);
			runOnlyForDeploymentPostprocessing = 0;
		};
		3A9FFD0B21896F0F007E2B8C /* Frameworks */ = {
			isa = PBXFrameworksBuildPhase;
			buildActionMask = 2147483647;
			files = (
				7584F23E0BC893193222FF42 /* Pods_Infra.framework in Frameworks */,
			);
			runOnlyForDeploymentPostprocessing = 0;
		};
		3A9FFD1421896F10007E2B8C /* Frameworks */ = {
			isa = PBXFrameworksBuildPhase;
			buildActionMask = 2147483647;
			files = (
				3A9FFD1821896F10007E2B8C /* Infra.framework in Frameworks */,
			);
			runOnlyForDeploymentPostprocessing = 0;
		};
/* End PBXFrameworksBuildPhase section */

/* Begin PBXGroup section */
		09A529222450042700D34620 /* Search */ = {
			isa = PBXGroup;
			children = (
				09A529232450050E00D34620 /* SearchViewControlller.swift */,
				09A52925245005EC00D34620 /* Search.storyboard */,
			);
			path = Search;
			sourceTree = "<group>";
		};
		09DB072924907C6A00FF6D5D /* MiddleWares */ = {
			isa = PBXGroup;
			children = (
				09DB072A24907CC300FF6D5D /* SplashViewMiddleware.swift */,
			);
			path = MiddleWares;
			sourceTree = "<group>";
		};
		3A3A984E2264825100522A33 /* Resources */ = {
			isa = PBXGroup;
			children = (
				099F7AD82410A79C0091D4DD /* R.generated.swift */,
			);
			path = Resources;
			sourceTree = "<group>";
		};
		3A59C867219003BE000C4E86 /* Redux */ = {
			isa = PBXGroup;
			children = (
				09DB072924907C6A00FF6D5D /* MiddleWares */,
				3AE83962218AC25600391531 /* Actions */,
				3AE8395F218AC22D00391531 /* Reducers */,
				3AE8395C218AC1A800391531 /* States */,
				3A0C69B521BF7B2D0077CE64 /* Redux.swift */,
			);
			path = Redux;
			sourceTree = "<group>";
		};
		3A59C868219004FF000C4E86 /* Services */ = {
			isa = PBXGroup;
			children = (
				3A74294321C8B48F0029C3C0 /* LoginProvider.swift */,
				3A74294521C8B49E0029C3C0 /* SearchProvider.swift */,
				3A74294721C8B4B10029C3C0 /* OAuthTwitterHeader.swift */,
				09DB072C24907FDE00FF6D5D /* BookSearchProvider.swift */,
			);
			path = Services;
			sourceTree = "<group>";
		};
		3A59C86A21900510000C4E86 /* Routes */ = {
			isa = PBXGroup;
			children = (
				3AE8EF4A21B4ED9C0098FE23 /* Router.swift */,
				3AE8EF4C21B4EDEF0098FE23 /* SplashViewRoutable.swift */,
				3A74295A21C8C51C0029C3C0 /* SearchViewRoutable.swift */,
				3AE8EF4E21B4EE2A0098FE23 /* RootRoutable.swift */,
				3A74295C21C8C5470029C3C0 /* TweetDetailViewRoutable.swift */,
			);
			path = Routes;
			sourceTree = "<group>";
		};
		3A63AD6321C8D81800B191FE /* TweetDetail */ = {
			isa = PBXGroup;
			children = (
				3A63AD6421C8D81800B191FE /* TweetDetail.storyboard */,
				3A63AD6521C8D81800B191FE /* TweetDetailViewController.swift */,
			);
			path = TweetDetail;
			sourceTree = "<group>";
		};
		3A74294921C8BF490029C3C0 /* Globals */ = {
			isa = PBXGroup;
			children = (
				3A74294A21C8BF5E0029C3C0 /* TwitterCredentials.swift */,
				3A74295821C8C0780029C3C0 /* Sizes.swift */,
				3A74295321C8C0290029C3C0 /* Errors.swift */,
				3A74295521C8C0420029C3C0 /* Config.swift */,
			);
			path = Globals;
			sourceTree = "<group>";
		};
		3A74294C21C8BFA60029C3C0 /* Extensions */ = {
			isa = PBXGroup;
			children = (
				3A74294D21C8BFC20029C3C0 /* String+PercentEncoding.swift */,
				3A74294F21C8BFD20029C3C0 /* String+Random.swift */,
				3A74295121C8BFF20029C3C0 /* UIView+CornerRadius.swift */,
			);
			path = Extensions;
			sourceTree = "<group>";
		};
		3A9FFCCC21896A63007E2B8C = {
			isa = PBXGroup;
			children = (
				3A9FFCD721896A63007E2B8C /* sparkle */,
				3A9FFCEC21896A66007E2B8C /* sparkleTests */,
				3A9FFCF721896A66007E2B8C /* sparkleUITests */,
				3A9FFD1021896F10007E2B8C /* Infra */,
				3A9FFD1D21896F10007E2B8C /* InfraTests */,
				3A9FFCD621896A63007E2B8C /* Products */,
				9CD7E9287758AAC3B683B753 /* Frameworks */,
				B6403A4FC8FE2B358B234704 /* Pods */,
			);
			sourceTree = "<group>";
		};
		3A9FFCD621896A63007E2B8C /* Products */ = {
			isa = PBXGroup;
			children = (
				3A9FFCD521896A63007E2B8C /* sparkle.app */,
				3A9FFCE921896A66007E2B8C /* sparkleTests.xctest */,
				3A9FFCF421896A66007E2B8C /* sparkleUITests.xctest */,
				3A9FFD0F21896F0F007E2B8C /* Infra.framework */,
				3A9FFD1721896F10007E2B8C /* InfraTests.xctest */,
			);
			name = Products;
			sourceTree = "<group>";
		};
		3A9FFCD721896A63007E2B8C /* sparkle */ = {
			isa = PBXGroup;
			children = (
				3A74294C21C8BFA60029C3C0 /* Extensions */,
				3A74294921C8BF490029C3C0 /* Globals */,
				3AC7E4E721C8AA4900EA1AB8 /* Model */,
				3AE8EF5021B4F2560098FE23 /* Scenes */,
				3A59C868219004FF000C4E86 /* Services */,
				3AB8B726218AF41300C512C4 /* GoogleService-Info-development.plist */,
				3AB8B727218AF41300C512C4 /* GoogleService-Info-staging.plist */,
				3A59C86A21900510000C4E86 /* Routes */,
				3AB8B723218AF40900C512C4 /* GoogleService-Info.plist */,
				3A59C867219003BE000C4E86 /* Redux */,
				3A9FFCD821896A63007E2B8C /* AppDelegate.swift */,
				3A9FFCDA21896A63007E2B8C /* ViewController.swift */,
				3A3A984E2264825100522A33 /* Resources */,
				3A9FFCDC21896A63007E2B8C /* Main.storyboard */,
				3A9FFCDF21896A65007E2B8C /* Assets.xcassets */,
				3A9FFCE121896A65007E2B8C /* LaunchScreen.storyboard */,
				3A9FFCE421896A65007E2B8C /* Info.plist */,
			);
			path = sparkle;
			sourceTree = "<group>";
		};
		3A9FFCEC21896A66007E2B8C /* sparkleTests */ = {
			isa = PBXGroup;
			children = (
				3A9FFCED21896A66007E2B8C /* sparkleTests.swift */,
				3A9FFCEF21896A66007E2B8C /* Info.plist */,
			);
			path = sparkleTests;
			sourceTree = "<group>";
		};
		3A9FFCF721896A66007E2B8C /* sparkleUITests */ = {
			isa = PBXGroup;
			children = (
				3A9FFCF821896A66007E2B8C /* sparkleUITests.swift */,
				3A9FFCFA21896A66007E2B8C /* Info.plist */,
			);
			path = sparkleUITests;
			sourceTree = "<group>";
		};
		3A9FFD1021896F10007E2B8C /* Infra */ = {
			isa = PBXGroup;
			children = (
				3A9FFD1121896F10007E2B8C /* Infra.h */,
				3A9FFD1221896F10007E2B8C /* Info.plist */,
			);
			path = Infra;
			sourceTree = "<group>";
		};
		3A9FFD1D21896F10007E2B8C /* InfraTests */ = {
			isa = PBXGroup;
			children = (
				3A9FFD1E21896F10007E2B8C /* InfraTests.swift */,
				3A9FFD2021896F10007E2B8C /* Info.plist */,
			);
			path = InfraTests;
			sourceTree = "<group>";
		};
		3AB5B62B225DC32100894CCB /* _Search */ = {
			isa = PBXGroup;
			children = (
				3AB5B62C225DC32100894CCB /* _SearchViewController.swift */,
				3AB5B62D225DC32100894CCB /* _Search.storyboard */,
				3AB5B62E225DC32100894CCB /* Views */,
			);
			path = _Search;
			sourceTree = "<group>";
		};
		3AB5B62E225DC32100894CCB /* Views */ = {
			isa = PBXGroup;
			children = (
				3AB5B62F225DC32100894CCB /* TweetCell */,
			);
			path = Views;
			sourceTree = "<group>";
		};
		3AB5B62F225DC32100894CCB /* TweetCell */ = {
			isa = PBXGroup;
			children = (
				3AB5B630225DC32100894CCB /* TweetCell.xib */,
				3AB5B631225DC32100894CCB /* TweetCell.swift */,
			);
			path = TweetCell;
			sourceTree = "<group>";
		};
		3AC7E4E721C8AA4900EA1AB8 /* Model */ = {
			isa = PBXGroup;
			children = (
				3AC7E4E821C8AA6200EA1AB8 /* Tweet.swift */,
			);
			path = Model;
			sourceTree = "<group>";
		};
		3AD2059C225DBB6500200A27 /* LaunchScreen */ = {
			isa = PBXGroup;
			children = (
				3AD2059D225DBB6500200A27 /* LaunchScreen.storyboard */,
			);
			path = LaunchScreen;
			sourceTree = "<group>";
		};
		3AE8395C218AC1A800391531 /* States */ = {
			isa = PBXGroup;
			children = (
				3AE8395D218AC1BA00391531 /* AppState.swift */,
				3A0C69B321BE6AC00077CE64 /* AuthState.swift */,
				3A0C69BF21BF861C0077CE64 /* SearchState.swift */,
				3A0C69C121BF864D0077CE64 /* TweetDetailState.swift */,
				09A5292924502B2700D34620 /* SplashState.swift */,
				09DB071D248DF0CB00FF6D5D /* CounterState.swift */,
				09DB071F248F3E8800FF6D5D /* ViewState.swift */,
			);
			path = States;
			sourceTree = "<group>";
		};
		3AE8395F218AC22D00391531 /* Reducers */ = {
			isa = PBXGroup;
			children = (
				3AE83960218AC24000391531 /* CounterReducer.swift */,
				3A0C69B721BF7B650077CE64 /* AppReducer.swift */,
				3A0C69B921BF7B850077CE64 /* AuthReducer.swift */,
				3A0C69BB21BF7B9C0077CE64 /* SearchReducer.swift */,
				3A0C69BD21BF7BB50077CE64 /* TweetDetailReducer.swift */,
				09A5292B24502B5700D34620 /* SplashReducer.swift */,
				09DB0723248F435C00FF6D5D /* ViewReducer.swift */,
			);
			path = Reducers;
			sourceTree = "<group>";
		};
		3AE83962218AC25600391531 /* Actions */ = {
			isa = PBXGroup;
			children = (
				3A0C69C321BF86770077CE64 /* SearchAction.swift */,
				3A0C69C521BF869F0077CE64 /* TweetDetailAction.swift */,
				3A0C69C721BF86BA0077CE64 /* AuthAction.swift */,
				09A5292724502AD400D34620 /* SplashAction.swift */,
				09DB071B248DEE5D00FF6D5D /* CounterAction.swift */,
				09DB0727248F43CE00FF6D5D /* ViewAction.swift */,
			);
			path = Actions;
			sourceTree = "<group>";
		};
		3AE8EF5021B4F2560098FE23 /* Scenes */ = {
			isa = PBXGroup;
			children = (
				09A529222450042700D34620 /* Search */,
				3AB5B62B225DC32100894CCB /* _Search */,
				3A63AD6321C8D81800B191FE /* TweetDetail */,
				3AD2059C225DBB6500200A27 /* LaunchScreen */,
				3AE8EF5121B4F2680098FE23 /* Splash */,
			);
			path = Scenes;
			sourceTree = "<group>";
		};
		3AE8EF5121B4F2680098FE23 /* Splash */ = {
			isa = PBXGroup;
			children = (
				3A0C69A321BA38440077CE64 /* Splash.storyboard */,
				3AE8EF5221B4F2920098FE23 /* SplashViewController.swift */,
			);
			path = Splash;
			sourceTree = "<group>";
		};
		9CD7E9287758AAC3B683B753 /* Frameworks */ = {
			isa = PBXGroup;
			children = (
				3A11A99B21898ECE0097EE84 /* FirebaseCore.framework */,
				3A11A99D21898ECE0097EE84 /* GoogleUtilities.framework */,
				3A11A99F21898ECE0097EE84 /* nanopb.framework */,
				3A11A97621898B4C0097EE84 /* FirebaseCore.framework */,
				3A11A97821898B4C0097EE84 /* GoogleUtilities.framework */,
				3A11A97A21898B4C0097EE84 /* nanopb.framework */,
				67939BB680227091415441A0 /* Pods_Infra.framework */,
				E10EEEDDE03C4C9ABA704CC9 /* Pods_sparkleTests.framework */,
				C395BE0544AD20D80E4989EA /* Pods_sparkleUITests.framework */,
				A2C972DC47EBC102A7F316B2 /* Pods_Infra_sparkle.framework */,
			);
			name = Frameworks;
			sourceTree = "<group>";
		};
		B6403A4FC8FE2B358B234704 /* Pods */ = {
			isa = PBXGroup;
			children = (
				2753711983FCEB434CE1A838 /* Pods-Infra.debug.xcconfig */,
				6E82507E519C4364CB30E533 /* Pods-Infra.release.xcconfig */,
				7DB2457AA13176415BE706C4 /* Pods-Infra.development.xcconfig */,
				FC61C1C6527A40B8DA231D31 /* Pods-Infra.staging.xcconfig */,
				3874CB43D240DA0ECE1C5EB6 /* Pods-sparkle.debug.xcconfig */,
				DB257FD8029DA0C9252FD50A /* Pods-sparkle.release.xcconfig */,
				492ED4020C747B90A7030DCD /* Pods-sparkle.development.xcconfig */,
				5C9D796A1FD97F7041357146 /* Pods-sparkle.staging.xcconfig */,
				D072F9D57B83B588644D4C13 /* Pods-sparkleTests.debug.xcconfig */,
				26C6469418167D47338DF56A /* Pods-sparkleTests.release.xcconfig */,
				1A0502ADD776A7B8EE95044A /* Pods-sparkleTests.development.xcconfig */,
				2C8870CCC847455AECCF24C7 /* Pods-sparkleTests.staging.xcconfig */,
				E60AED799C470B4AA20D12B0 /* Pods-sparkleUITests.debug.xcconfig */,
				0C2C49CBD0EFE81BE05498F1 /* Pods-sparkleUITests.release.xcconfig */,
				D2BCAA08732DA05F1760201B /* Pods-sparkleUITests.development.xcconfig */,
				67A5B6DC24195EDEEBA78B51 /* Pods-sparkleUITests.staging.xcconfig */,
				EDC0DB88FE643E661298ECED /* Pods-Infra-sparkle.debug.xcconfig */,
				4FF2E9DE8195C3CD33FAD025 /* Pods-Infra-sparkle.release.xcconfig */,
				47851536B2A0A20DEE815DFF /* Pods-Infra-sparkle.development.xcconfig */,
				D269B65EAE3E1B2A25B87864 /* Pods-Infra-sparkle.staging.xcconfig */,
			);
			path = Pods;
			sourceTree = "<group>";
		};
/* End PBXGroup section */

/* Begin PBXHeadersBuildPhase section */
		3A9FFD0C21896F0F007E2B8C /* Headers */ = {
			isa = PBXHeadersBuildPhase;
			buildActionMask = 2147483647;
			files = (
				3A9FFD2121896F10007E2B8C /* Infra.h in Headers */,
			);
			runOnlyForDeploymentPostprocessing = 0;
		};
/* End PBXHeadersBuildPhase section */

/* Begin PBXNativeTarget section */
		3A9FFCD421896A63007E2B8C /* sparkle */ = {
			isa = PBXNativeTarget;
			buildConfigurationList = 3A9FFCFD21896A66007E2B8C /* Build configuration list for PBXNativeTarget "sparkle" */;
			buildPhases = (
				414572D447CCB3E641572D8A /* [CP] Check Pods Manifest.lock */,
				3AE8EF5421B8E7D70098FE23 /* Run Script */,
				3A9FFCD121896A63007E2B8C /* Sources */,
				3A9FFCD221896A63007E2B8C /* Frameworks */,
				3A9FFCD321896A63007E2B8C /* Resources */,
				3A9FFD2921896F10007E2B8C /* Embed Frameworks */,
				A8594C845284FBF4994ABE3A /* [CP] Embed Pods Frameworks */,
				07D6C399D86A63FE9F6367BA /* [CP] Copy Pods Resources */,
			);
			buildRules = (
			);
			dependencies = (
				3A9FFD2321896F10007E2B8C /* PBXTargetDependency */,
			);
			name = sparkle;
			productName = sparkle;
			productReference = 3A9FFCD521896A63007E2B8C /* sparkle.app */;
			productType = "com.apple.product-type.application";
		};
		3A9FFCE821896A66007E2B8C /* sparkleTests */ = {
			isa = PBXNativeTarget;
			buildConfigurationList = 3A9FFD0021896A66007E2B8C /* Build configuration list for PBXNativeTarget "sparkleTests" */;
			buildPhases = (
				2C46F5A2648F7050DCB9F92B /* [CP] Check Pods Manifest.lock */,
				3A9FFCE521896A66007E2B8C /* Sources */,
				3A9FFCE621896A66007E2B8C /* Frameworks */,
				3A9FFCE721896A66007E2B8C /* Resources */,
				28E0828BB7C5179046F71C8B /* [CP] Embed Pods Frameworks */,
			);
			buildRules = (
			);
			dependencies = (
				3A9FFCEB21896A66007E2B8C /* PBXTargetDependency */,
			);
			name = sparkleTests;
			productName = sparkleTests;
			productReference = 3A9FFCE921896A66007E2B8C /* sparkleTests.xctest */;
			productType = "com.apple.product-type.bundle.unit-test";
		};
		3A9FFCF321896A66007E2B8C /* sparkleUITests */ = {
			isa = PBXNativeTarget;
			buildConfigurationList = 3A9FFD0321896A66007E2B8C /* Build configuration list for PBXNativeTarget "sparkleUITests" */;
			buildPhases = (
				9520B22103631F80A3CBCCE1 /* [CP] Check Pods Manifest.lock */,
				3A9FFCF021896A66007E2B8C /* Sources */,
				3A9FFCF121896A66007E2B8C /* Frameworks */,
				3A9FFCF221896A66007E2B8C /* Resources */,
			);
			buildRules = (
			);
			dependencies = (
				3A9FFCF621896A66007E2B8C /* PBXTargetDependency */,
			);
			name = sparkleUITests;
			productName = sparkleUITests;
			productReference = 3A9FFCF421896A66007E2B8C /* sparkleUITests.xctest */;
			productType = "com.apple.product-type.bundle.ui-testing";
		};
		3A9FFD0E21896F0F007E2B8C /* Infra */ = {
			isa = PBXNativeTarget;
			buildConfigurationList = 3A9FFD2621896F10007E2B8C /* Build configuration list for PBXNativeTarget "Infra" */;
			buildPhases = (
				429E54D4117AC4A26C293683 /* [CP] Check Pods Manifest.lock */,
				3A9FFD0A21896F0F007E2B8C /* Sources */,
				3A9FFD0B21896F0F007E2B8C /* Frameworks */,
				3A9FFD0C21896F0F007E2B8C /* Headers */,
				3A9FFD0D21896F0F007E2B8C /* Resources */,
			);
			buildRules = (
			);
			dependencies = (
			);
			name = Infra;
			productName = Infra;
			productReference = 3A9FFD0F21896F0F007E2B8C /* Infra.framework */;
			productType = "com.apple.product-type.framework";
		};
		3A9FFD1621896F10007E2B8C /* InfraTests */ = {
			isa = PBXNativeTarget;
			buildConfigurationList = 3A9FFD2A21896F10007E2B8C /* Build configuration list for PBXNativeTarget "InfraTests" */;
			buildPhases = (
				3A9FFD1321896F10007E2B8C /* Sources */,
				3A9FFD1421896F10007E2B8C /* Frameworks */,
				3A9FFD1521896F10007E2B8C /* Resources */,
			);
			buildRules = (
			);
			dependencies = (
				3A9FFD1A21896F10007E2B8C /* PBXTargetDependency */,
				3A9FFD1C21896F10007E2B8C /* PBXTargetDependency */,
			);
			name = InfraTests;
			productName = InfraTests;
			productReference = 3A9FFD1721896F10007E2B8C /* InfraTests.xctest */;
			productType = "com.apple.product-type.bundle.unit-test";
		};
/* End PBXNativeTarget section */

/* Begin PBXProject section */
		3A9FFCCD21896A63007E2B8C /* Project object */ = {
			isa = PBXProject;
			attributes = {
				LastSwiftUpdateCheck = 0940;
				LastUpgradeCheck = 1130;
				ORGANIZATIONNAME = "Takano Kenta";
				TargetAttributes = {
					3A9FFCD421896A63007E2B8C = {
						CreatedOnToolsVersion = 9.4.1;
						LastSwiftMigration = 1130;
					};
					3A9FFCE821896A66007E2B8C = {
						CreatedOnToolsVersion = 9.4.1;
						LastSwiftMigration = 1130;
						TestTargetID = 3A9FFCD421896A63007E2B8C;
					};
					3A9FFCF321896A66007E2B8C = {
						CreatedOnToolsVersion = 9.4.1;
						LastSwiftMigration = 1130;
						TestTargetID = 3A9FFCD421896A63007E2B8C;
					};
					3A9FFD0E21896F0F007E2B8C = {
						CreatedOnToolsVersion = 9.4.1;
					};
					3A9FFD1621896F10007E2B8C = {
						CreatedOnToolsVersion = 9.4.1;
						LastSwiftMigration = 1130;
						TestTargetID = 3A9FFCD421896A63007E2B8C;
					};
				};
			};
			buildConfigurationList = 3A9FFCD021896A63007E2B8C /* Build configuration list for PBXProject "sparkle" */;
			compatibilityVersion = "Xcode 9.3";
			developmentRegion = en;
			hasScannedForEncodings = 0;
			knownRegions = (
				en,
				Base,
			);
			mainGroup = 3A9FFCCC21896A63007E2B8C;
			productRefGroup = 3A9FFCD621896A63007E2B8C /* Products */;
			projectDirPath = "";
			projectRoot = "";
			targets = (
				3A9FFCD421896A63007E2B8C /* sparkle */,
				3A9FFCE821896A66007E2B8C /* sparkleTests */,
				3A9FFCF321896A66007E2B8C /* sparkleUITests */,
				3A9FFD0E21896F0F007E2B8C /* Infra */,
				3A9FFD1621896F10007E2B8C /* InfraTests */,
			);
		};
/* End PBXProject section */

/* Begin PBXResourcesBuildPhase section */
		3A9FFCD321896A63007E2B8C /* Resources */ = {
			isa = PBXResourcesBuildPhase;
			buildActionMask = 2147483647;
			files = (
				3AB8B72A218AF41400C512C4 /* GoogleService-Info-staging.plist in Resources */,
				3AB8B724218AF40900C512C4 /* GoogleService-Info.plist in Resources */,
				3AB5B634225DC32100894CCB /* TweetCell.xib in Resources */,
				3AB8B728218AF41400C512C4 /* GoogleService-Info-development.plist in Resources */,
				09A52926245005EC00D34620 /* Search.storyboard in Resources */,
				3A9FFCE021896A65007E2B8C /* Assets.xcassets in Resources */,
				3A9FFCDE21896A63007E2B8C /* Main.storyboard in Resources */,
				3A0C69A421BA38440077CE64 /* Splash.storyboard in Resources */,
				3AB5B633225DC32100894CCB /* _Search.storyboard in Resources */,
				3A63AD6621C8D81800B191FE /* TweetDetail.storyboard in Resources */,
			);
			runOnlyForDeploymentPostprocessing = 0;
		};
		3A9FFCE721896A66007E2B8C /* Resources */ = {
			isa = PBXResourcesBuildPhase;
			buildActionMask = 2147483647;
			files = (
			);
			runOnlyForDeploymentPostprocessing = 0;
		};
		3A9FFCF221896A66007E2B8C /* Resources */ = {
			isa = PBXResourcesBuildPhase;
			buildActionMask = 2147483647;
			files = (
			);
			runOnlyForDeploymentPostprocessing = 0;
		};
		3A9FFD0D21896F0F007E2B8C /* Resources */ = {
			isa = PBXResourcesBuildPhase;
			buildActionMask = 2147483647;
			files = (
				3AB8B72B218AF41400C512C4 /* GoogleService-Info-staging.plist in Resources */,
				3AB8B725218AF40900C512C4 /* GoogleService-Info.plist in Resources */,
				3AB8B729218AF41400C512C4 /* GoogleService-Info-development.plist in Resources */,
			);
			runOnlyForDeploymentPostprocessing = 0;
		};
		3A9FFD1521896F10007E2B8C /* Resources */ = {
			isa = PBXResourcesBuildPhase;
			buildActionMask = 2147483647;
			files = (
			);
			runOnlyForDeploymentPostprocessing = 0;
		};
/* End PBXResourcesBuildPhase section */

/* Begin PBXShellScriptBuildPhase section */
		07D6C399D86A63FE9F6367BA /* [CP] Copy Pods Resources */ = {
			isa = PBXShellScriptBuildPhase;
			buildActionMask = 2147483647;
			files = (
			);
			inputFileListPaths = (
				"${PODS_ROOT}/Target Support Files/Pods-Infra-sparkle/Pods-Infra-sparkle-resources-${CONFIGURATION}-input-files.xcfilelist",
			);
			name = "[CP] Copy Pods Resources";
			outputFileListPaths = (
				"${PODS_ROOT}/Target Support Files/Pods-Infra-sparkle/Pods-Infra-sparkle-resources-${CONFIGURATION}-output-files.xcfilelist",
			);
			runOnlyForDeploymentPostprocessing = 0;
			shellPath = /bin/sh;
			shellScript = "\"${PODS_ROOT}/Target Support Files/Pods-Infra-sparkle/Pods-Infra-sparkle-resources.sh\"\n";
			showEnvVarsInLog = 0;
		};
		28E0828BB7C5179046F71C8B /* [CP] Embed Pods Frameworks */ = {
			isa = PBXShellScriptBuildPhase;
			buildActionMask = 2147483647;
			files = (
			);
			inputFileListPaths = (
				"${PODS_ROOT}/Target Support Files/Pods-sparkleTests/Pods-sparkleTests-frameworks-${CONFIGURATION}-input-files.xcfilelist",
			);
			name = "[CP] Embed Pods Frameworks";
			outputFileListPaths = (
				"${PODS_ROOT}/Target Support Files/Pods-sparkleTests/Pods-sparkleTests-frameworks-${CONFIGURATION}-output-files.xcfilelist",
			);
			runOnlyForDeploymentPostprocessing = 0;
			shellPath = /bin/sh;
			shellScript = "\"${PODS_ROOT}/Target Support Files/Pods-sparkleTests/Pods-sparkleTests-frameworks.sh\"\n";
			showEnvVarsInLog = 0;
		};
		2C46F5A2648F7050DCB9F92B /* [CP] Check Pods Manifest.lock */ = {
			isa = PBXShellScriptBuildPhase;
			buildActionMask = 2147483647;
			files = (
			);
			inputFileListPaths = (
			);
			inputPaths = (
				"${PODS_PODFILE_DIR_PATH}/Podfile.lock",
				"${PODS_ROOT}/Manifest.lock",
			);
			name = "[CP] Check Pods Manifest.lock";
			outputFileListPaths = (
			);
			outputPaths = (
				"$(DERIVED_FILE_DIR)/Pods-sparkleTests-checkManifestLockResult.txt",
			);
			runOnlyForDeploymentPostprocessing = 0;
			shellPath = /bin/sh;
			shellScript = "diff \"${PODS_PODFILE_DIR_PATH}/Podfile.lock\" \"${PODS_ROOT}/Manifest.lock\" > /dev/null\nif [ $? != 0 ] ; then\n    # print error to STDERR\n    echo \"error: The sandbox is not in sync with the Podfile.lock. Run 'pod install' or update your CocoaPods installation.\" >&2\n    exit 1\nfi\n# This output is used by Xcode 'outputs' to avoid re-running this script phase.\necho \"SUCCESS\" > \"${SCRIPT_OUTPUT_FILE_0}\"\n";
			showEnvVarsInLog = 0;
		};
		3AE8EF5421B8E7D70098FE23 /* Run Script */ = {
			isa = PBXShellScriptBuildPhase;
			buildActionMask = 2147483647;
			files = (
			);
			inputPaths = (
				"$TEMP_DIR/rswift-lastrun",
			);
			name = "Run Script";
			outputPaths = (
				$SRCROOT/R.generated.swift,
			);
			runOnlyForDeploymentPostprocessing = 0;
			shellPath = /bin/sh;
			shellScript = "\"$PODS_ROOT/R.swift/rswift\" generate \"$SRCROOT/R.generated.swift\"\n";
		};
		414572D447CCB3E641572D8A /* [CP] Check Pods Manifest.lock */ = {
			isa = PBXShellScriptBuildPhase;
			buildActionMask = 2147483647;
			files = (
			);
			inputFileListPaths = (
			);
			inputPaths = (
				"${PODS_PODFILE_DIR_PATH}/Podfile.lock",
				"${PODS_ROOT}/Manifest.lock",
			);
			name = "[CP] Check Pods Manifest.lock";
			outputFileListPaths = (
			);
			outputPaths = (
				"$(DERIVED_FILE_DIR)/Pods-Infra-sparkle-checkManifestLockResult.txt",
			);
			runOnlyForDeploymentPostprocessing = 0;
			shellPath = /bin/sh;
			shellScript = "diff \"${PODS_PODFILE_DIR_PATH}/Podfile.lock\" \"${PODS_ROOT}/Manifest.lock\" > /dev/null\nif [ $? != 0 ] ; then\n    # print error to STDERR\n    echo \"error: The sandbox is not in sync with the Podfile.lock. Run 'pod install' or update your CocoaPods installation.\" >&2\n    exit 1\nfi\n# This output is used by Xcode 'outputs' to avoid re-running this script phase.\necho \"SUCCESS\" > \"${SCRIPT_OUTPUT_FILE_0}\"\n";
			showEnvVarsInLog = 0;
		};
		429E54D4117AC4A26C293683 /* [CP] Check Pods Manifest.lock */ = {
			isa = PBXShellScriptBuildPhase;
			buildActionMask = 2147483647;
			files = (
			);
			inputFileListPaths = (
			);
			inputPaths = (
				"${PODS_PODFILE_DIR_PATH}/Podfile.lock",
				"${PODS_ROOT}/Manifest.lock",
			);
			name = "[CP] Check Pods Manifest.lock";
			outputFileListPaths = (
			);
			outputPaths = (
				"$(DERIVED_FILE_DIR)/Pods-Infra-checkManifestLockResult.txt",
			);
			runOnlyForDeploymentPostprocessing = 0;
			shellPath = /bin/sh;
			shellScript = "diff \"${PODS_PODFILE_DIR_PATH}/Podfile.lock\" \"${PODS_ROOT}/Manifest.lock\" > /dev/null\nif [ $? != 0 ] ; then\n    # print error to STDERR\n    echo \"error: The sandbox is not in sync with the Podfile.lock. Run 'pod install' or update your CocoaPods installation.\" >&2\n    exit 1\nfi\n# This output is used by Xcode 'outputs' to avoid re-running this script phase.\necho \"SUCCESS\" > \"${SCRIPT_OUTPUT_FILE_0}\"\n";
			showEnvVarsInLog = 0;
		};
		9520B22103631F80A3CBCCE1 /* [CP] Check Pods Manifest.lock */ = {
			isa = PBXShellScriptBuildPhase;
			buildActionMask = 2147483647;
			files = (
			);
			inputFileListPaths = (
			);
			inputPaths = (
				"${PODS_PODFILE_DIR_PATH}/Podfile.lock",
				"${PODS_ROOT}/Manifest.lock",
			);
			name = "[CP] Check Pods Manifest.lock";
			outputFileListPaths = (
			);
			outputPaths = (
				"$(DERIVED_FILE_DIR)/Pods-sparkleUITests-checkManifestLockResult.txt",
			);
			runOnlyForDeploymentPostprocessing = 0;
			shellPath = /bin/sh;
			shellScript = "diff \"${PODS_PODFILE_DIR_PATH}/Podfile.lock\" \"${PODS_ROOT}/Manifest.lock\" > /dev/null\nif [ $? != 0 ] ; then\n    # print error to STDERR\n    echo \"error: The sandbox is not in sync with the Podfile.lock. Run 'pod install' or update your CocoaPods installation.\" >&2\n    exit 1\nfi\n# This output is used by Xcode 'outputs' to avoid re-running this script phase.\necho \"SUCCESS\" > \"${SCRIPT_OUTPUT_FILE_0}\"\n";
			showEnvVarsInLog = 0;
		};
		A8594C845284FBF4994ABE3A /* [CP] Embed Pods Frameworks */ = {
			isa = PBXShellScriptBuildPhase;
			buildActionMask = 2147483647;
			files = (
			);
			inputFileListPaths = (
				"${PODS_ROOT}/Target Support Files/Pods-Infra-sparkle/Pods-Infra-sparkle-frameworks-${CONFIGURATION}-input-files.xcfilelist",
			);
			name = "[CP] Embed Pods Frameworks";
			outputFileListPaths = (
				"${PODS_ROOT}/Target Support Files/Pods-Infra-sparkle/Pods-Infra-sparkle-frameworks-${CONFIGURATION}-output-files.xcfilelist",
			);
			runOnlyForDeploymentPostprocessing = 0;
			shellPath = /bin/sh;
			shellScript = "\"${PODS_ROOT}/Target Support Files/Pods-Infra-sparkle/Pods-Infra-sparkle-frameworks.sh\"\n";
			showEnvVarsInLog = 0;
		};
/* End PBXShellScriptBuildPhase section */

/* Begin PBXSourcesBuildPhase section */
		3A9FFCD121896A63007E2B8C /* Sources */ = {
			isa = PBXSourcesBuildPhase;
			buildActionMask = 2147483647;
			files = (
				3A0C69BC21BF7B9C0077CE64 /* SearchReducer.swift in Sources */,
				3A0C69C221BF864D0077CE64 /* TweetDetailState.swift in Sources */,
				3A74295421C8C0290029C3C0 /* Errors.swift in Sources */,
				09DB072D24907FDE00FF6D5D /* BookSearchProvider.swift in Sources */,
				3A74294E21C8BFC20029C3C0 /* String+PercentEncoding.swift in Sources */,
				09DB071E248DF0CB00FF6D5D /* CounterState.swift in Sources */,
				3A0C69C821BF86BA0077CE64 /* AuthAction.swift in Sources */,
				3A0C69B621BF7B2D0077CE64 /* Redux.swift in Sources */,
				3A63AD6721C8D81800B191FE /* TweetDetailViewController.swift in Sources */,
				3A74294821C8B4B10029C3C0 /* OAuthTwitterHeader.swift in Sources */,
				09A529242450050E00D34620 /* SearchViewControlller.swift in Sources */,
				3AE8395E218AC1BA00391531 /* AppState.swift in Sources */,
				3A74294B21C8BF5E0029C3C0 /* TwitterCredentials.swift in Sources */,
				09DB0724248F435C00FF6D5D /* ViewReducer.swift in Sources */,
				09A5292824502AD400D34620 /* SplashAction.swift in Sources */,
				09DB0720248F3E8800FF6D5D /* ViewState.swift in Sources */,
				3A0C69C621BF869F0077CE64 /* TweetDetailAction.swift in Sources */,
				3AE83961218AC24000391531 /* CounterReducer.swift in Sources */,
				09A5292A24502B2700D34620 /* SplashState.swift in Sources */,
				3AE8EF5321B4F2920098FE23 /* SplashViewController.swift in Sources */,
				3AE8EF4D21B4EDEF0098FE23 /* SplashViewRoutable.swift in Sources */,
				3A74295221C8BFF20029C3C0 /* UIView+CornerRadius.swift in Sources */,
				3A0C69BE21BF7BB50077CE64 /* TweetDetailReducer.swift in Sources */,
				3A0C69BA21BF7B850077CE64 /* AuthReducer.swift in Sources */,
				09DB072B24907CC300FF6D5D /* SplashViewMiddleware.swift in Sources */,
				3A74295B21C8C51C0029C3C0 /* SearchViewRoutable.swift in Sources */,
				3A9FFCDB21896A63007E2B8C /* ViewController.swift in Sources */,
				3A74295D21C8C5470029C3C0 /* TweetDetailViewRoutable.swift in Sources */,
				3AC7E4E921C8AA6200EA1AB8 /* Tweet.swift in Sources */,
				3A74294621C8B49E0029C3C0 /* SearchProvider.swift in Sources */,
				09DB0728248F43CE00FF6D5D /* ViewAction.swift in Sources */,
				3A0C69B821BF7B650077CE64 /* AppReducer.swift in Sources */,
				099F7AD92410A79C0091D4DD /* R.generated.swift in Sources */,
				3A74295021C8BFD20029C3C0 /* String+Random.swift in Sources */,
				3AE8EF4B21B4ED9C0098FE23 /* Router.swift in Sources */,
				3A74295621C8C0420029C3C0 /* Config.swift in Sources */,
				3A0C69C021BF861C0077CE64 /* SearchState.swift in Sources */,
				3AB5B635225DC32100894CCB /* TweetCell.swift in Sources */,
				3A0C69C421BF86770077CE64 /* SearchAction.swift in Sources */,
				09DB071C248DEE5D00FF6D5D /* CounterAction.swift in Sources */,
				3AB5B632225DC32100894CCB /* _SearchViewController.swift in Sources */,
				3A74294421C8B48F0029C3C0 /* LoginProvider.swift in Sources */,
				09A5292C24502B5700D34620 /* SplashReducer.swift in Sources */,
				3A74295921C8C0780029C3C0 /* Sizes.swift in Sources */,
				3A0C69B421BE6AC00077CE64 /* AuthState.swift in Sources */,
				3A9FFCD921896A63007E2B8C /* AppDelegate.swift in Sources */,
				3AE8EF4F21B4EE2A0098FE23 /* RootRoutable.swift in Sources */,
			);
			runOnlyForDeploymentPostprocessing = 0;
		};
		3A9FFCE521896A66007E2B8C /* Sources */ = {
			isa = PBXSourcesBuildPhase;
			buildActionMask = 2147483647;
			files = (
				3A9FFCEE21896A66007E2B8C /* sparkleTests.swift in Sources */,
			);
			runOnlyForDeploymentPostprocessing = 0;
		};
		3A9FFCF021896A66007E2B8C /* Sources */ = {
			isa = PBXSourcesBuildPhase;
			buildActionMask = 2147483647;
			files = (
				3A9FFCF921896A66007E2B8C /* sparkleUITests.swift in Sources */,
			);
			runOnlyForDeploymentPostprocessing = 0;
		};
		3A9FFD0A21896F0F007E2B8C /* Sources */ = {
			isa = PBXSourcesBuildPhase;
			buildActionMask = 2147483647;
			files = (
			);
			runOnlyForDeploymentPostprocessing = 0;
		};
		3A9FFD1321896F10007E2B8C /* Sources */ = {
			isa = PBXSourcesBuildPhase;
			buildActionMask = 2147483647;
			files = (
				3A9FFD1F21896F10007E2B8C /* InfraTests.swift in Sources */,
			);
			runOnlyForDeploymentPostprocessing = 0;
		};
/* End PBXSourcesBuildPhase section */

/* Begin PBXTargetDependency section */
		3A9FFCEB21896A66007E2B8C /* PBXTargetDependency */ = {
			isa = PBXTargetDependency;
			target = 3A9FFCD421896A63007E2B8C /* sparkle */;
			targetProxy = 3A9FFCEA21896A66007E2B8C /* PBXContainerItemProxy */;
		};
		3A9FFCF621896A66007E2B8C /* PBXTargetDependency */ = {
			isa = PBXTargetDependency;
			target = 3A9FFCD421896A63007E2B8C /* sparkle */;
			targetProxy = 3A9FFCF521896A66007E2B8C /* PBXContainerItemProxy */;
		};
		3A9FFD1A21896F10007E2B8C /* PBXTargetDependency */ = {
			isa = PBXTargetDependency;
			target = 3A9FFD0E21896F0F007E2B8C /* Infra */;
			targetProxy = 3A9FFD1921896F10007E2B8C /* PBXContainerItemProxy */;
		};
		3A9FFD1C21896F10007E2B8C /* PBXTargetDependency */ = {
			isa = PBXTargetDependency;
			target = 3A9FFCD421896A63007E2B8C /* sparkle */;
			targetProxy = 3A9FFD1B21896F10007E2B8C /* PBXContainerItemProxy */;
		};
		3A9FFD2321896F10007E2B8C /* PBXTargetDependency */ = {
			isa = PBXTargetDependency;
			target = 3A9FFD0E21896F0F007E2B8C /* Infra */;
			targetProxy = 3A9FFD2221896F10007E2B8C /* PBXContainerItemProxy */;
		};
/* End PBXTargetDependency section */

/* Begin PBXVariantGroup section */
		3A9FFCDC21896A63007E2B8C /* Main.storyboard */ = {
			isa = PBXVariantGroup;
			children = (
				3A9FFCDD21896A63007E2B8C /* Base */,
			);
			name = Main.storyboard;
			sourceTree = "<group>";
		};
		3A9FFCE121896A65007E2B8C /* LaunchScreen.storyboard */ = {
			isa = PBXVariantGroup;
			children = (
				3A9FFCE221896A65007E2B8C /* Base */,
			);
			name = LaunchScreen.storyboard;
			sourceTree = "<group>";
		};
		3AD2059D225DBB6500200A27 /* LaunchScreen.storyboard */ = {
			isa = PBXVariantGroup;
			children = (
				3AD2059E225DBB6500200A27 /* Base */,
			);
			name = LaunchScreen.storyboard;
			sourceTree = "<group>";
		};
/* End PBXVariantGroup section */

/* Begin XCBuildConfiguration section */
		3A0093BF2189717C00CB3680 /* Development */ = {
			isa = XCBuildConfiguration;
			buildSettings = {
				ALWAYS_SEARCH_USER_PATHS = NO;
				CLANG_ANALYZER_NONNULL = YES;
				CLANG_ANALYZER_NUMBER_OBJECT_CONVERSION = YES_AGGRESSIVE;
				CLANG_CXX_LANGUAGE_STANDARD = "gnu++14";
				CLANG_CXX_LIBRARY = "libc++";
				CLANG_ENABLE_MODULES = YES;
				CLANG_ENABLE_OBJC_ARC = YES;
				CLANG_ENABLE_OBJC_WEAK = YES;
				CLANG_WARN_BLOCK_CAPTURE_AUTORELEASING = YES;
				CLANG_WARN_BOOL_CONVERSION = YES;
				CLANG_WARN_COMMA = YES;
				CLANG_WARN_CONSTANT_CONVERSION = YES;
				CLANG_WARN_DEPRECATED_OBJC_IMPLEMENTATIONS = YES;
				CLANG_WARN_DIRECT_OBJC_ISA_USAGE = YES_ERROR;
				CLANG_WARN_DOCUMENTATION_COMMENTS = YES;
				CLANG_WARN_EMPTY_BODY = YES;
				CLANG_WARN_ENUM_CONVERSION = YES;
				CLANG_WARN_INFINITE_RECURSION = YES;
				CLANG_WARN_INT_CONVERSION = YES;
				CLANG_WARN_NON_LITERAL_NULL_CONVERSION = YES;
				CLANG_WARN_OBJC_IMPLICIT_RETAIN_SELF = YES;
				CLANG_WARN_OBJC_LITERAL_CONVERSION = YES;
				CLANG_WARN_OBJC_ROOT_CLASS = YES_ERROR;
				CLANG_WARN_RANGE_LOOP_ANALYSIS = YES;
				CLANG_WARN_STRICT_PROTOTYPES = YES;
				CLANG_WARN_SUSPICIOUS_MOVE = YES;
				CLANG_WARN_UNGUARDED_AVAILABILITY = YES_AGGRESSIVE;
				CLANG_WARN_UNREACHABLE_CODE = YES;
				CLANG_WARN__DUPLICATE_METHOD_MATCH = YES;
				CODE_SIGN_IDENTITY = "iPhone Developer";
				COPY_PHASE_STRIP = NO;
				DEBUG_INFORMATION_FORMAT = "dwarf-with-dsym";
				ENABLE_NS_ASSERTIONS = NO;
				ENABLE_STRICT_OBJC_MSGSEND = YES;
				ENABLE_TESTABILITY = YES;
				GCC_C_LANGUAGE_STANDARD = gnu11;
				GCC_NO_COMMON_BLOCKS = YES;
				GCC_PREPROCESSOR_DEFINITIONS = "DEV=1";
				GCC_WARN_64_TO_32_BIT_CONVERSION = YES;
				GCC_WARN_ABOUT_RETURN_TYPE = YES_ERROR;
				GCC_WARN_UNDECLARED_SELECTOR = YES;
				GCC_WARN_UNINITIALIZED_AUTOS = YES_AGGRESSIVE;
				GCC_WARN_UNUSED_FUNCTION = YES;
				GCC_WARN_UNUSED_VARIABLE = YES;
				IPHONEOS_DEPLOYMENT_TARGET = 10.0;
				MTL_ENABLE_DEBUG_INFO = NO;
				ONLY_ACTIVE_ARCH = YES;
				OTHER_SWIFT_FLAGS = "-D DEVELOPMENT";
				SDKROOT = iphoneos;
				SWIFT_ACTIVE_COMPILATION_CONDITIONS = DEVELOPMENT;
				SWIFT_OPTIMIZATION_LEVEL = "-Onone";
				VALIDATE_PRODUCT = YES;
			};
			name = Development;
		};
		3A0093C02189717C00CB3680 /* Development */ = {
			isa = XCBuildConfiguration;
			baseConfigurationReference = 47851536B2A0A20DEE815DFF /* Pods-Infra-sparkle.development.xcconfig */;
			buildSettings = {
				ASSETCATALOG_COMPILER_APPICON_NAME = AppIcon;
				CODE_SIGN_STYLE = Automatic;
				DEVELOPMENT_TEAM = L248HZDU6R;
				INFOPLIST_FILE = sparkle/Info.plist;
				IPHONEOS_DEPLOYMENT_TARGET = 11.0;
				LD_RUNPATH_SEARCH_PATHS = (
					"$(inherited)",
					"@executable_path/Frameworks",
				);
				PRODUCT_BUNDLE_IDENTIFIER = ohayoukenchan.enter.sparkle;
				PRODUCT_NAME = "$(TARGET_NAME)";
				SWIFT_VERSION = 5.0;
				TARGETED_DEVICE_FAMILY = "1,2";
			};
			name = Development;
		};
		3A0093C12189717C00CB3680 /* Development */ = {
			isa = XCBuildConfiguration;
			baseConfigurationReference = 1A0502ADD776A7B8EE95044A /* Pods-sparkleTests.development.xcconfig */;
			buildSettings = {
				ALWAYS_EMBED_SWIFT_STANDARD_LIBRARIES = YES;
				BUNDLE_LOADER = "$(TEST_HOST)";
				CODE_SIGN_STYLE = Automatic;
				DEVELOPMENT_TEAM = L248HZDU6R;
				INFOPLIST_FILE = sparkleTests/Info.plist;
				LD_RUNPATH_SEARCH_PATHS = (
					"$(inherited)",
					"@executable_path/Frameworks",
					"@loader_path/Frameworks",
				);
				PRODUCT_BUNDLE_IDENTIFIER = OhayouKenchan.sparkleTests;
				PRODUCT_NAME = "$(TARGET_NAME)";
				SWIFT_VERSION = 5.0;
				TARGETED_DEVICE_FAMILY = "1,2";
				TEST_HOST = "$(BUILT_PRODUCTS_DIR)/sparkle.app/sparkle";
			};
			name = Development;
		};
		3A0093C22189717C00CB3680 /* Development */ = {
			isa = XCBuildConfiguration;
			baseConfigurationReference = D2BCAA08732DA05F1760201B /* Pods-sparkleUITests.development.xcconfig */;
			buildSettings = {
				ALWAYS_EMBED_SWIFT_STANDARD_LIBRARIES = YES;
				CODE_SIGN_STYLE = Automatic;
				DEVELOPMENT_TEAM = L248HZDU6R;
				INFOPLIST_FILE = sparkleUITests/Info.plist;
				LD_RUNPATH_SEARCH_PATHS = (
					"$(inherited)",
					"@executable_path/Frameworks",
					"@loader_path/Frameworks",
				);
				PRODUCT_BUNDLE_IDENTIFIER = OhayouKenchan.sparkleUITests;
				PRODUCT_NAME = "$(TARGET_NAME)";
				SWIFT_VERSION = 5.0;
				TARGETED_DEVICE_FAMILY = "1,2";
				TEST_TARGET_NAME = sparkle;
			};
			name = Development;
		};
		3A0093C32189717C00CB3680 /* Development */ = {
			isa = XCBuildConfiguration;
			baseConfigurationReference = 7DB2457AA13176415BE706C4 /* Pods-Infra.development.xcconfig */;
			buildSettings = {
				CODE_SIGN_IDENTITY = "";
				CODE_SIGN_STYLE = Automatic;
				CURRENT_PROJECT_VERSION = 1;
				DEFINES_MODULE = YES;
				DEVELOPMENT_TEAM = L248HZDU6R;
				DYLIB_COMPATIBILITY_VERSION = 1;
				DYLIB_CURRENT_VERSION = 1;
				DYLIB_INSTALL_NAME_BASE = "@rpath";
				INFOPLIST_FILE = Infra/Info.plist;
				INSTALL_PATH = "$(LOCAL_LIBRARY_DIR)/Frameworks";
				LD_RUNPATH_SEARCH_PATHS = (
					"$(inherited)",
					"@executable_path/Frameworks",
					"@loader_path/Frameworks",
				);
				PRODUCT_BUNDLE_IDENTIFIER = ohayoukenchan.sparkle;
				PRODUCT_NAME = "$(TARGET_NAME:c99extidentifier)";
				SKIP_INSTALL = YES;
				SWIFT_VERSION = 4.0;
				TARGETED_DEVICE_FAMILY = "1,2";
				VERSIONING_SYSTEM = "apple-generic";
				VERSION_INFO_PREFIX = "";
			};
			name = Development;
		};
		3A0093C42189717C00CB3680 /* Development */ = {
			isa = XCBuildConfiguration;
			buildSettings = {
				ALWAYS_EMBED_SWIFT_STANDARD_LIBRARIES = YES;
				CODE_SIGN_STYLE = Automatic;
				DEVELOPMENT_TEAM = L248HZDU6R;
				INFOPLIST_FILE = InfraTests/Info.plist;
				LD_RUNPATH_SEARCH_PATHS = (
					"$(inherited)",
					"@executable_path/Frameworks",
					"@loader_path/Frameworks",
				);
				PRODUCT_BUNDLE_IDENTIFIER = OhayouKenchan.InfraTests;
				PRODUCT_NAME = "$(TARGET_NAME)";
				SWIFT_VERSION = 5.0;
				TARGETED_DEVICE_FAMILY = "1,2";
				TEST_HOST = "$(BUILT_PRODUCTS_DIR)/sparkle.app/sparkle";
			};
			name = Development;
		};
		3A0093C52189718E00CB3680 /* Staging */ = {
			isa = XCBuildConfiguration;
			buildSettings = {
				ALWAYS_SEARCH_USER_PATHS = NO;
				CLANG_ANALYZER_NONNULL = YES;
				CLANG_ANALYZER_NUMBER_OBJECT_CONVERSION = YES_AGGRESSIVE;
				CLANG_CXX_LANGUAGE_STANDARD = "gnu++14";
				CLANG_CXX_LIBRARY = "libc++";
				CLANG_ENABLE_MODULES = YES;
				CLANG_ENABLE_OBJC_ARC = YES;
				CLANG_ENABLE_OBJC_WEAK = YES;
				CLANG_WARN_BLOCK_CAPTURE_AUTORELEASING = YES;
				CLANG_WARN_BOOL_CONVERSION = YES;
				CLANG_WARN_COMMA = YES;
				CLANG_WARN_CONSTANT_CONVERSION = YES;
				CLANG_WARN_DEPRECATED_OBJC_IMPLEMENTATIONS = YES;
				CLANG_WARN_DIRECT_OBJC_ISA_USAGE = YES_ERROR;
				CLANG_WARN_DOCUMENTATION_COMMENTS = YES;
				CLANG_WARN_EMPTY_BODY = YES;
				CLANG_WARN_ENUM_CONVERSION = YES;
				CLANG_WARN_INFINITE_RECURSION = YES;
				CLANG_WARN_INT_CONVERSION = YES;
				CLANG_WARN_NON_LITERAL_NULL_CONVERSION = YES;
				CLANG_WARN_OBJC_IMPLICIT_RETAIN_SELF = YES;
				CLANG_WARN_OBJC_LITERAL_CONVERSION = YES;
				CLANG_WARN_OBJC_ROOT_CLASS = YES_ERROR;
				CLANG_WARN_RANGE_LOOP_ANALYSIS = YES;
				CLANG_WARN_STRICT_PROTOTYPES = YES;
				CLANG_WARN_SUSPICIOUS_MOVE = YES;
				CLANG_WARN_UNGUARDED_AVAILABILITY = YES_AGGRESSIVE;
				CLANG_WARN_UNREACHABLE_CODE = YES;
				CLANG_WARN__DUPLICATE_METHOD_MATCH = YES;
				CODE_SIGN_IDENTITY = "iPhone Developer";
				COPY_PHASE_STRIP = NO;
				DEBUG_INFORMATION_FORMAT = "dwarf-with-dsym";
				ENABLE_NS_ASSERTIONS = NO;
				ENABLE_STRICT_OBJC_MSGSEND = YES;
				ENABLE_TESTABILITY = YES;
				GCC_C_LANGUAGE_STANDARD = gnu11;
				GCC_NO_COMMON_BLOCKS = YES;
				GCC_PREPROCESSOR_DEFINITIONS = "STAGING=1";
				GCC_WARN_64_TO_32_BIT_CONVERSION = YES;
				GCC_WARN_ABOUT_RETURN_TYPE = YES_ERROR;
				GCC_WARN_UNDECLARED_SELECTOR = YES;
				GCC_WARN_UNINITIALIZED_AUTOS = YES_AGGRESSIVE;
				GCC_WARN_UNUSED_FUNCTION = YES;
				GCC_WARN_UNUSED_VARIABLE = YES;
				IPHONEOS_DEPLOYMENT_TARGET = 10.0;
				MTL_ENABLE_DEBUG_INFO = NO;
				ONLY_ACTIVE_ARCH = YES;
				OTHER_SWIFT_FLAGS = "-D STAGING";
				SDKROOT = iphoneos;
				SWIFT_ACTIVE_COMPILATION_CONDITIONS = STAGING;
				SWIFT_OPTIMIZATION_LEVEL = "-Onone";
				VALIDATE_PRODUCT = YES;
			};
			name = Staging;
		};
		3A0093C62189718E00CB3680 /* Staging */ = {
			isa = XCBuildConfiguration;
			baseConfigurationReference = D269B65EAE3E1B2A25B87864 /* Pods-Infra-sparkle.staging.xcconfig */;
			buildSettings = {
				ASSETCATALOG_COMPILER_APPICON_NAME = AppIcon;
				CODE_SIGN_STYLE = Automatic;
				DEVELOPMENT_TEAM = L248HZDU6R;
				INFOPLIST_FILE = sparkle/Info.plist;
				IPHONEOS_DEPLOYMENT_TARGET = 11.0;
				LD_RUNPATH_SEARCH_PATHS = (
					"$(inherited)",
					"@executable_path/Frameworks",
				);
				PRODUCT_BUNDLE_IDENTIFIER = ohayoukenchan.enter.sparkle;
				PRODUCT_NAME = "$(TARGET_NAME)";
				SWIFT_VERSION = 5.0;
				TARGETED_DEVICE_FAMILY = "1,2";
			};
			name = Staging;
		};
		3A0093C72189718E00CB3680 /* Staging */ = {
			isa = XCBuildConfiguration;
			baseConfigurationReference = 2C8870CCC847455AECCF24C7 /* Pods-sparkleTests.staging.xcconfig */;
			buildSettings = {
				ALWAYS_EMBED_SWIFT_STANDARD_LIBRARIES = YES;
				BUNDLE_LOADER = "$(TEST_HOST)";
				CODE_SIGN_STYLE = Automatic;
				DEVELOPMENT_TEAM = L248HZDU6R;
				INFOPLIST_FILE = sparkleTests/Info.plist;
				LD_RUNPATH_SEARCH_PATHS = (
					"$(inherited)",
					"@executable_path/Frameworks",
					"@loader_path/Frameworks",
				);
				PRODUCT_BUNDLE_IDENTIFIER = OhayouKenchan.sparkleTests;
				PRODUCT_NAME = "$(TARGET_NAME)";
				SWIFT_VERSION = 5.0;
				TARGETED_DEVICE_FAMILY = "1,2";
				TEST_HOST = "$(BUILT_PRODUCTS_DIR)/sparkle.app/sparkle";
			};
			name = Staging;
		};
		3A0093C82189718E00CB3680 /* Staging */ = {
			isa = XCBuildConfiguration;
			baseConfigurationReference = 67A5B6DC24195EDEEBA78B51 /* Pods-sparkleUITests.staging.xcconfig */;
			buildSettings = {
				ALWAYS_EMBED_SWIFT_STANDARD_LIBRARIES = YES;
				CODE_SIGN_STYLE = Automatic;
				DEVELOPMENT_TEAM = L248HZDU6R;
				INFOPLIST_FILE = sparkleUITests/Info.plist;
				LD_RUNPATH_SEARCH_PATHS = (
					"$(inherited)",
					"@executable_path/Frameworks",
					"@loader_path/Frameworks",
				);
				PRODUCT_BUNDLE_IDENTIFIER = OhayouKenchan.sparkleUITests;
				PRODUCT_NAME = "$(TARGET_NAME)";
				SWIFT_VERSION = 5.0;
				TARGETED_DEVICE_FAMILY = "1,2";
				TEST_TARGET_NAME = sparkle;
			};
			name = Staging;
		};
		3A0093C92189718E00CB3680 /* Staging */ = {
			isa = XCBuildConfiguration;
			baseConfigurationReference = FC61C1C6527A40B8DA231D31 /* Pods-Infra.staging.xcconfig */;
			buildSettings = {
				CODE_SIGN_IDENTITY = "";
				CODE_SIGN_STYLE = Automatic;
				CURRENT_PROJECT_VERSION = 1;
				DEFINES_MODULE = YES;
				DEVELOPMENT_TEAM = L248HZDU6R;
				DYLIB_COMPATIBILITY_VERSION = 1;
				DYLIB_CURRENT_VERSION = 1;
				DYLIB_INSTALL_NAME_BASE = "@rpath";
				INFOPLIST_FILE = Infra/Info.plist;
				INSTALL_PATH = "$(LOCAL_LIBRARY_DIR)/Frameworks";
				LD_RUNPATH_SEARCH_PATHS = (
					"$(inherited)",
					"@executable_path/Frameworks",
					"@loader_path/Frameworks",
				);
				PRODUCT_BUNDLE_IDENTIFIER = ohayoukenchan.sparkle;
				PRODUCT_NAME = "$(TARGET_NAME:c99extidentifier)";
				SKIP_INSTALL = YES;
				SWIFT_VERSION = 4.0;
				TARGETED_DEVICE_FAMILY = "1,2";
				VERSIONING_SYSTEM = "apple-generic";
				VERSION_INFO_PREFIX = "";
			};
			name = Staging;
		};
		3A0093CA2189718E00CB3680 /* Staging */ = {
			isa = XCBuildConfiguration;
			buildSettings = {
				ALWAYS_EMBED_SWIFT_STANDARD_LIBRARIES = YES;
				CODE_SIGN_STYLE = Automatic;
				DEVELOPMENT_TEAM = L248HZDU6R;
				INFOPLIST_FILE = InfraTests/Info.plist;
				LD_RUNPATH_SEARCH_PATHS = (
					"$(inherited)",
					"@executable_path/Frameworks",
					"@loader_path/Frameworks",
				);
				PRODUCT_BUNDLE_IDENTIFIER = OhayouKenchan.InfraTests;
				PRODUCT_NAME = "$(TARGET_NAME)";
				SWIFT_VERSION = 5.0;
				TARGETED_DEVICE_FAMILY = "1,2";
				TEST_HOST = "$(BUILT_PRODUCTS_DIR)/sparkle.app/sparkle";
			};
			name = Staging;
		};
		3A9FFCFB21896A66007E2B8C /* Debug */ = {
			isa = XCBuildConfiguration;
			buildSettings = {
				ALWAYS_SEARCH_USER_PATHS = NO;
				CLANG_ANALYZER_NONNULL = YES;
				CLANG_ANALYZER_NUMBER_OBJECT_CONVERSION = YES_AGGRESSIVE;
				CLANG_CXX_LANGUAGE_STANDARD = "gnu++14";
				CLANG_CXX_LIBRARY = "libc++";
				CLANG_ENABLE_MODULES = YES;
				CLANG_ENABLE_OBJC_ARC = YES;
				CLANG_ENABLE_OBJC_WEAK = YES;
				CLANG_WARN_BLOCK_CAPTURE_AUTORELEASING = YES;
				CLANG_WARN_BOOL_CONVERSION = YES;
				CLANG_WARN_COMMA = YES;
				CLANG_WARN_CONSTANT_CONVERSION = YES;
				CLANG_WARN_DEPRECATED_OBJC_IMPLEMENTATIONS = YES;
				CLANG_WARN_DIRECT_OBJC_ISA_USAGE = YES_ERROR;
				CLANG_WARN_DOCUMENTATION_COMMENTS = YES;
				CLANG_WARN_EMPTY_BODY = YES;
				CLANG_WARN_ENUM_CONVERSION = YES;
				CLANG_WARN_INFINITE_RECURSION = YES;
				CLANG_WARN_INT_CONVERSION = YES;
				CLANG_WARN_NON_LITERAL_NULL_CONVERSION = YES;
				CLANG_WARN_OBJC_IMPLICIT_RETAIN_SELF = YES;
				CLANG_WARN_OBJC_LITERAL_CONVERSION = YES;
				CLANG_WARN_OBJC_ROOT_CLASS = YES_ERROR;
				CLANG_WARN_RANGE_LOOP_ANALYSIS = YES;
				CLANG_WARN_STRICT_PROTOTYPES = YES;
				CLANG_WARN_SUSPICIOUS_MOVE = YES;
				CLANG_WARN_UNGUARDED_AVAILABILITY = YES_AGGRESSIVE;
				CLANG_WARN_UNREACHABLE_CODE = YES;
				CLANG_WARN__DUPLICATE_METHOD_MATCH = YES;
				CODE_SIGN_IDENTITY = "iPhone Developer";
				COPY_PHASE_STRIP = NO;
				DEBUG_INFORMATION_FORMAT = "dwarf-with-dsym";
				ENABLE_STRICT_OBJC_MSGSEND = YES;
				ENABLE_TESTABILITY = YES;
				GCC_C_LANGUAGE_STANDARD = gnu11;
				GCC_DYNAMIC_NO_PIC = NO;
				GCC_NO_COMMON_BLOCKS = YES;
				GCC_OPTIMIZATION_LEVEL = 0;
				GCC_PREPROCESSOR_DEFINITIONS = (
					"DEBUG=1",
					"$(inherited)",
				);
				GCC_WARN_64_TO_32_BIT_CONVERSION = YES;
				GCC_WARN_ABOUT_RETURN_TYPE = YES_ERROR;
				GCC_WARN_UNDECLARED_SELECTOR = YES;
				GCC_WARN_UNINITIALIZED_AUTOS = YES_AGGRESSIVE;
				GCC_WARN_UNUSED_FUNCTION = YES;
				GCC_WARN_UNUSED_VARIABLE = YES;
				IPHONEOS_DEPLOYMENT_TARGET = 10.0;
				MTL_ENABLE_DEBUG_INFO = YES;
				ONLY_ACTIVE_ARCH = YES;
				OTHER_SWIFT_FLAGS = "-D DEBUG";
				SDKROOT = iphoneos;
				SWIFT_ACTIVE_COMPILATION_CONDITIONS = DEBUG;
				SWIFT_OPTIMIZATION_LEVEL = "-Onone";
			};
			name = Debug;
		};
		3A9FFCFC21896A66007E2B8C /* Release */ = {
			isa = XCBuildConfiguration;
			buildSettings = {
				ALWAYS_SEARCH_USER_PATHS = NO;
				CLANG_ANALYZER_NONNULL = YES;
				CLANG_ANALYZER_NUMBER_OBJECT_CONVERSION = YES_AGGRESSIVE;
				CLANG_CXX_LANGUAGE_STANDARD = "gnu++14";
				CLANG_CXX_LIBRARY = "libc++";
				CLANG_ENABLE_MODULES = YES;
				CLANG_ENABLE_OBJC_ARC = YES;
				CLANG_ENABLE_OBJC_WEAK = YES;
				CLANG_WARN_BLOCK_CAPTURE_AUTORELEASING = YES;
				CLANG_WARN_BOOL_CONVERSION = YES;
				CLANG_WARN_COMMA = YES;
				CLANG_WARN_CONSTANT_CONVERSION = YES;
				CLANG_WARN_DEPRECATED_OBJC_IMPLEMENTATIONS = YES;
				CLANG_WARN_DIRECT_OBJC_ISA_USAGE = YES_ERROR;
				CLANG_WARN_DOCUMENTATION_COMMENTS = YES;
				CLANG_WARN_EMPTY_BODY = YES;
				CLANG_WARN_ENUM_CONVERSION = YES;
				CLANG_WARN_INFINITE_RECURSION = YES;
				CLANG_WARN_INT_CONVERSION = YES;
				CLANG_WARN_NON_LITERAL_NULL_CONVERSION = YES;
				CLANG_WARN_OBJC_IMPLICIT_RETAIN_SELF = YES;
				CLANG_WARN_OBJC_LITERAL_CONVERSION = YES;
				CLANG_WARN_OBJC_ROOT_CLASS = YES_ERROR;
				CLANG_WARN_RANGE_LOOP_ANALYSIS = YES;
				CLANG_WARN_STRICT_PROTOTYPES = YES;
				CLANG_WARN_SUSPICIOUS_MOVE = YES;
				CLANG_WARN_UNGUARDED_AVAILABILITY = YES_AGGRESSIVE;
				CLANG_WARN_UNREACHABLE_CODE = YES;
				CLANG_WARN__DUPLICATE_METHOD_MATCH = YES;
				CODE_SIGN_IDENTITY = "iPhone Developer";
				COPY_PHASE_STRIP = NO;
				DEBUG_INFORMATION_FORMAT = "dwarf-with-dsym";
				ENABLE_NS_ASSERTIONS = NO;
				ENABLE_STRICT_OBJC_MSGSEND = YES;
				ENABLE_TESTABILITY = YES;
				GCC_C_LANGUAGE_STANDARD = gnu11;
				GCC_NO_COMMON_BLOCKS = YES;
				GCC_PREPROCESSOR_DEFINITIONS = "RELEASE=1";
				GCC_WARN_64_TO_32_BIT_CONVERSION = YES;
				GCC_WARN_ABOUT_RETURN_TYPE = YES_ERROR;
				GCC_WARN_UNDECLARED_SELECTOR = YES;
				GCC_WARN_UNINITIALIZED_AUTOS = YES_AGGRESSIVE;
				GCC_WARN_UNUSED_FUNCTION = YES;
				GCC_WARN_UNUSED_VARIABLE = YES;
				IPHONEOS_DEPLOYMENT_TARGET = 10.0;
				MTL_ENABLE_DEBUG_INFO = NO;
				ONLY_ACTIVE_ARCH = YES;
				OTHER_SWIFT_FLAGS = "-D RELEASE";
				SDKROOT = iphoneos;
				SWIFT_ACTIVE_COMPILATION_CONDITIONS = RELEASE;
				SWIFT_OPTIMIZATION_LEVEL = "-Onone";
				VALIDATE_PRODUCT = YES;
			};
			name = Release;
		};
		3A9FFCFE21896A66007E2B8C /* Debug */ = {
			isa = XCBuildConfiguration;
			baseConfigurationReference = EDC0DB88FE643E661298ECED /* Pods-Infra-sparkle.debug.xcconfig */;
			buildSettings = {
				ASSETCATALOG_COMPILER_APPICON_NAME = AppIcon;
				CODE_SIGN_STYLE = Automatic;
				DEVELOPMENT_TEAM = L248HZDU6R;
				INFOPLIST_FILE = sparkle/Info.plist;
				IPHONEOS_DEPLOYMENT_TARGET = 11.0;
				LD_RUNPATH_SEARCH_PATHS = (
					"$(inherited)",
					"@executable_path/Frameworks",
				);
				PRODUCT_BUNDLE_IDENTIFIER = ohayoukenchan.enter.sparkle;
				PRODUCT_NAME = "$(TARGET_NAME)";
				SWIFT_VERSION = 5.0;
				TARGETED_DEVICE_FAMILY = "1,2";
			};
			name = Debug;
		};
		3A9FFCFF21896A66007E2B8C /* Release */ = {
			isa = XCBuildConfiguration;
			baseConfigurationReference = 4FF2E9DE8195C3CD33FAD025 /* Pods-Infra-sparkle.release.xcconfig */;
			buildSettings = {
				ASSETCATALOG_COMPILER_APPICON_NAME = AppIcon;
				CODE_SIGN_STYLE = Automatic;
				DEVELOPMENT_TEAM = L248HZDU6R;
				INFOPLIST_FILE = sparkle/Info.plist;
				IPHONEOS_DEPLOYMENT_TARGET = 11.0;
				LD_RUNPATH_SEARCH_PATHS = (
					"$(inherited)",
					"@executable_path/Frameworks",
				);
				PRODUCT_BUNDLE_IDENTIFIER = ohayoukenchan.enter.sparkle;
				PRODUCT_NAME = "$(TARGET_NAME)";
				SWIFT_VERSION = 5.0;
				TARGETED_DEVICE_FAMILY = "1,2";
			};
			name = Release;
		};
		3A9FFD0121896A66007E2B8C /* Debug */ = {
			isa = XCBuildConfiguration;
			baseConfigurationReference = D072F9D57B83B588644D4C13 /* Pods-sparkleTests.debug.xcconfig */;
			buildSettings = {
				ALWAYS_EMBED_SWIFT_STANDARD_LIBRARIES = YES;
				BUNDLE_LOADER = "$(TEST_HOST)";
				CODE_SIGN_STYLE = Automatic;
				DEVELOPMENT_TEAM = L248HZDU6R;
				INFOPLIST_FILE = sparkleTests/Info.plist;
				LD_RUNPATH_SEARCH_PATHS = (
					"$(inherited)",
					"@executable_path/Frameworks",
					"@loader_path/Frameworks",
				);
				PRODUCT_BUNDLE_IDENTIFIER = OhayouKenchan.sparkleTests;
				PRODUCT_NAME = "$(TARGET_NAME)";
				SWIFT_VERSION = 5.0;
				TARGETED_DEVICE_FAMILY = "1,2";
				TEST_HOST = "$(BUILT_PRODUCTS_DIR)/sparkle.app/sparkle";
			};
			name = Debug;
		};
		3A9FFD0221896A66007E2B8C /* Release */ = {
			isa = XCBuildConfiguration;
			baseConfigurationReference = 26C6469418167D47338DF56A /* Pods-sparkleTests.release.xcconfig */;
			buildSettings = {
				ALWAYS_EMBED_SWIFT_STANDARD_LIBRARIES = YES;
				BUNDLE_LOADER = "$(TEST_HOST)";
				CODE_SIGN_STYLE = Automatic;
				DEVELOPMENT_TEAM = L248HZDU6R;
				INFOPLIST_FILE = sparkleTests/Info.plist;
				LD_RUNPATH_SEARCH_PATHS = (
					"$(inherited)",
					"@executable_path/Frameworks",
					"@loader_path/Frameworks",
				);
				PRODUCT_BUNDLE_IDENTIFIER = OhayouKenchan.sparkleTests;
				PRODUCT_NAME = "$(TARGET_NAME)";
				SWIFT_VERSION = 5.0;
				TARGETED_DEVICE_FAMILY = "1,2";
				TEST_HOST = "$(BUILT_PRODUCTS_DIR)/sparkle.app/sparkle";
			};
			name = Release;
		};
		3A9FFD0421896A66007E2B8C /* Debug */ = {
			isa = XCBuildConfiguration;
			baseConfigurationReference = E60AED799C470B4AA20D12B0 /* Pods-sparkleUITests.debug.xcconfig */;
			buildSettings = {
				ALWAYS_EMBED_SWIFT_STANDARD_LIBRARIES = YES;
				CODE_SIGN_STYLE = Automatic;
				DEVELOPMENT_TEAM = L248HZDU6R;
				INFOPLIST_FILE = sparkleUITests/Info.plist;
				LD_RUNPATH_SEARCH_PATHS = (
					"$(inherited)",
					"@executable_path/Frameworks",
					"@loader_path/Frameworks",
				);
				PRODUCT_BUNDLE_IDENTIFIER = OhayouKenchan.sparkleUITests;
				PRODUCT_NAME = "$(TARGET_NAME)";
				SWIFT_VERSION = 5.0;
				TARGETED_DEVICE_FAMILY = "1,2";
				TEST_TARGET_NAME = sparkle;
			};
			name = Debug;
		};
		3A9FFD0521896A66007E2B8C /* Release */ = {
			isa = XCBuildConfiguration;
			baseConfigurationReference = 0C2C49CBD0EFE81BE05498F1 /* Pods-sparkleUITests.release.xcconfig */;
			buildSettings = {
				ALWAYS_EMBED_SWIFT_STANDARD_LIBRARIES = YES;
				CODE_SIGN_STYLE = Automatic;
				DEVELOPMENT_TEAM = L248HZDU6R;
				INFOPLIST_FILE = sparkleUITests/Info.plist;
				LD_RUNPATH_SEARCH_PATHS = (
					"$(inherited)",
					"@executable_path/Frameworks",
					"@loader_path/Frameworks",
				);
				PRODUCT_BUNDLE_IDENTIFIER = OhayouKenchan.sparkleUITests;
				PRODUCT_NAME = "$(TARGET_NAME)";
				SWIFT_VERSION = 5.0;
				TARGETED_DEVICE_FAMILY = "1,2";
				TEST_TARGET_NAME = sparkle;
			};
			name = Release;
		};
		3A9FFD2721896F10007E2B8C /* Debug */ = {
			isa = XCBuildConfiguration;
			baseConfigurationReference = 2753711983FCEB434CE1A838 /* Pods-Infra.debug.xcconfig */;
			buildSettings = {
				CODE_SIGN_IDENTITY = "";
				CODE_SIGN_STYLE = Automatic;
				CURRENT_PROJECT_VERSION = 1;
				DEFINES_MODULE = YES;
				DEVELOPMENT_TEAM = L248HZDU6R;
				DYLIB_COMPATIBILITY_VERSION = 1;
				DYLIB_CURRENT_VERSION = 1;
				DYLIB_INSTALL_NAME_BASE = "@rpath";
				INFOPLIST_FILE = Infra/Info.plist;
				INSTALL_PATH = "$(LOCAL_LIBRARY_DIR)/Frameworks";
				LD_RUNPATH_SEARCH_PATHS = (
					"$(inherited)",
					"@executable_path/Frameworks",
					"@loader_path/Frameworks",
				);
				PRODUCT_BUNDLE_IDENTIFIER = ohayoukenchan.sparkle;
				PRODUCT_NAME = "$(TARGET_NAME:c99extidentifier)";
				SKIP_INSTALL = YES;
				SWIFT_VERSION = 4.0;
				TARGETED_DEVICE_FAMILY = "1,2";
				VERSIONING_SYSTEM = "apple-generic";
				VERSION_INFO_PREFIX = "";
			};
			name = Debug;
		};
		3A9FFD2821896F10007E2B8C /* Release */ = {
			isa = XCBuildConfiguration;
			baseConfigurationReference = 6E82507E519C4364CB30E533 /* Pods-Infra.release.xcconfig */;
			buildSettings = {
				CODE_SIGN_IDENTITY = "";
				CODE_SIGN_STYLE = Automatic;
				CURRENT_PROJECT_VERSION = 1;
				DEFINES_MODULE = YES;
				DEVELOPMENT_TEAM = L248HZDU6R;
				DYLIB_COMPATIBILITY_VERSION = 1;
				DYLIB_CURRENT_VERSION = 1;
				DYLIB_INSTALL_NAME_BASE = "@rpath";
				INFOPLIST_FILE = Infra/Info.plist;
				INSTALL_PATH = "$(LOCAL_LIBRARY_DIR)/Frameworks";
				LD_RUNPATH_SEARCH_PATHS = (
					"$(inherited)",
					"@executable_path/Frameworks",
					"@loader_path/Frameworks",
				);
				PRODUCT_BUNDLE_IDENTIFIER = ohayoukenchan.sparkle;
				PRODUCT_NAME = "$(TARGET_NAME:c99extidentifier)";
				SKIP_INSTALL = YES;
				SWIFT_VERSION = 4.0;
				TARGETED_DEVICE_FAMILY = "1,2";
				VERSIONING_SYSTEM = "apple-generic";
				VERSION_INFO_PREFIX = "";
			};
			name = Release;
		};
		3A9FFD2B21896F10007E2B8C /* Debug */ = {
			isa = XCBuildConfiguration;
			buildSettings = {
				ALWAYS_EMBED_SWIFT_STANDARD_LIBRARIES = YES;
				CODE_SIGN_STYLE = Automatic;
				DEVELOPMENT_TEAM = L248HZDU6R;
				INFOPLIST_FILE = InfraTests/Info.plist;
				LD_RUNPATH_SEARCH_PATHS = (
					"$(inherited)",
					"@executable_path/Frameworks",
					"@loader_path/Frameworks",
				);
				PRODUCT_BUNDLE_IDENTIFIER = OhayouKenchan.InfraTests;
				PRODUCT_NAME = "$(TARGET_NAME)";
				SWIFT_VERSION = 5.0;
				TARGETED_DEVICE_FAMILY = "1,2";
				TEST_HOST = "$(BUILT_PRODUCTS_DIR)/sparkle.app/sparkle";
			};
			name = Debug;
		};
		3A9FFD2C21896F10007E2B8C /* Release */ = {
			isa = XCBuildConfiguration;
			buildSettings = {
				ALWAYS_EMBED_SWIFT_STANDARD_LIBRARIES = YES;
				CODE_SIGN_STYLE = Automatic;
				DEVELOPMENT_TEAM = L248HZDU6R;
				INFOPLIST_FILE = InfraTests/Info.plist;
				LD_RUNPATH_SEARCH_PATHS = (
					"$(inherited)",
					"@executable_path/Frameworks",
					"@loader_path/Frameworks",
				);
				PRODUCT_BUNDLE_IDENTIFIER = OhayouKenchan.InfraTests;
				PRODUCT_NAME = "$(TARGET_NAME)";
				SWIFT_VERSION = 5.0;
				TARGETED_DEVICE_FAMILY = "1,2";
				TEST_HOST = "$(BUILT_PRODUCTS_DIR)/sparkle.app/sparkle";
			};
			name = Release;
		};
/* End XCBuildConfiguration section */

/* Begin XCConfigurationList section */
		3A9FFCD021896A63007E2B8C /* Build configuration list for PBXProject "sparkle" */ = {
			isa = XCConfigurationList;
			buildConfigurations = (
				3A9FFCFB21896A66007E2B8C /* Debug */,
				3A9FFCFC21896A66007E2B8C /* Release */,
				3A0093BF2189717C00CB3680 /* Development */,
				3A0093C52189718E00CB3680 /* Staging */,
			);
			defaultConfigurationIsVisible = 0;
			defaultConfigurationName = Release;
		};
		3A9FFCFD21896A66007E2B8C /* Build configuration list for PBXNativeTarget "sparkle" */ = {
			isa = XCConfigurationList;
			buildConfigurations = (
				3A9FFCFE21896A66007E2B8C /* Debug */,
				3A9FFCFF21896A66007E2B8C /* Release */,
				3A0093C02189717C00CB3680 /* Development */,
				3A0093C62189718E00CB3680 /* Staging */,
			);
			defaultConfigurationIsVisible = 0;
			defaultConfigurationName = Release;
		};
		3A9FFD0021896A66007E2B8C /* Build configuration list for PBXNativeTarget "sparkleTests" */ = {
			isa = XCConfigurationList;
			buildConfigurations = (
				3A9FFD0121896A66007E2B8C /* Debug */,
				3A9FFD0221896A66007E2B8C /* Release */,
				3A0093C12189717C00CB3680 /* Development */,
				3A0093C72189718E00CB3680 /* Staging */,
			);
			defaultConfigurationIsVisible = 0;
			defaultConfigurationName = Release;
		};
		3A9FFD0321896A66007E2B8C /* Build configuration list for PBXNativeTarget "sparkleUITests" */ = {
			isa = XCConfigurationList;
			buildConfigurations = (
				3A9FFD0421896A66007E2B8C /* Debug */,
				3A9FFD0521896A66007E2B8C /* Release */,
				3A0093C22189717C00CB3680 /* Development */,
				3A0093C82189718E00CB3680 /* Staging */,
			);
			defaultConfigurationIsVisible = 0;
			defaultConfigurationName = Release;
		};
		3A9FFD2621896F10007E2B8C /* Build configuration list for PBXNativeTarget "Infra" */ = {
			isa = XCConfigurationList;
			buildConfigurations = (
				3A9FFD2721896F10007E2B8C /* Debug */,
				3A9FFD2821896F10007E2B8C /* Release */,
				3A0093C32189717C00CB3680 /* Development */,
				3A0093C92189718E00CB3680 /* Staging */,
			);
			defaultConfigurationIsVisible = 0;
			defaultConfigurationName = Release;
		};
		3A9FFD2A21896F10007E2B8C /* Build configuration list for PBXNativeTarget "InfraTests" */ = {
			isa = XCConfigurationList;
			buildConfigurations = (
				3A9FFD2B21896F10007E2B8C /* Debug */,
				3A9FFD2C21896F10007E2B8C /* Release */,
				3A0093C42189717C00CB3680 /* Development */,
				3A0093CA2189718E00CB3680 /* Staging */,
			);
			defaultConfigurationIsVisible = 0;
			defaultConfigurationName = Release;
		};
/* End XCConfigurationList section */
	};
	rootObject = 3A9FFCCD21896A63007E2B8C /* Project object */;
}
